<?xml version="1.0" encoding="utf-8"?>
<Project ToolsVersion="4.0" xmlns="http://schemas.microsoft.com/developer/msbuild/2003">
  <ItemGroup>
    <FxCompile Include="Asset\Shader\BillboardShader.hlsl">
      <Filter>Engine\Asset\Shader</Filter>
    </FxCompile>
    <FxCompile Include="Asset\Shader\BlitShader.hlsl">
      <Filter>Engine\Asset\Shader</Filter>
    </FxCompile>
    <FxCompile Include="Asset\Shader\NormalMapShader.hlsl">
      <Filter>Engine\Asset\Shader</Filter>
    </FxCompile>
    <FxCompile Include="Asset\Shader\HeightFogShader.hlsl">
      <Filter>Engine\Asset\Shader</Filter>
    </FxCompile>
    <FxCompile Include="Asset\Shader\LightingFunctions.hlsl">
      <Filter>Engine\Asset\Shader</Filter>
    </FxCompile>
    <FxCompile Include="Asset\Shader\SceneDepthShader.hlsl">
      <Filter>Engine\Asset\Shader</Filter>
    </FxCompile>
    <FxCompile Include="Asset\Shader\FXAAShader.hlsl">
      <Filter>Engine\Asset\Shader</Filter>
    </FxCompile>
    <FxCompile Include="Asset\Shader\DecalShader.hlsl">
      <Filter>Engine\Asset\Shader</Filter>
    </FxCompile>
    <FxCompile Include="Asset\Shader\TexturePS.hlsl">
      <Filter>Engine\Asset\Shader</Filter>
    </FxCompile>
    <FxCompile Include="Asset\Shader\SampleShader.hlsl">
      <Filter>Engine\Asset\Shader</Filter>
    </FxCompile>
    <FxCompile Include="Asset\Shader\BatchLineShader.hlsl">
      <Filter>Engine\Asset\Shader</Filter>
    </FxCompile>
    <FxCompile Include="Asset\Shader\ShaderFont.hlsl">
      <Filter>Engine\Asset\Shader</Filter>
    </FxCompile>
    <FxCompile Include="Asset\Shader\TextureVS.hlsl">
      <Filter>Engine\Asset\Shader</Filter>
    </FxCompile>
  </ItemGroup>
  <ItemGroup>
    <ClCompile Include="Source\Renderer\Private\RenderPass\DefaultViewPass.cpp">
      <Filter>Engine\Source\Renderer\Private\RenderPass</Filter>
    </ClCompile>
    <ClCompile Include="pch.cpp">
      <Filter>Engine</Filter>
    </ClCompile>
    <ClCompile Include="main.cpp">
      <Filter>Engine</Filter>
    </ClCompile>
    <ClCompile Include="Source\Scene\Private\Component\SpotLightComponent.cpp">
      <Filter>Engine\Source\Scene\Private\Component</Filter>
    </ClCompile>
    <ClCompile Include="Source\Scene\Private\Component\ActorComponent.cpp">
      <Filter>Engine\Source\Scene\Private\Component</Filter>
    </ClCompile>
    <ClCompile Include="Source\Scene\Private\Component\AmbientLightComponent.cpp">
      <Filter>Engine\Source\Scene\Private\Component</Filter>
    </ClCompile>
    <ClCompile Include="Source\Scene\Private\Component\BillBoardComponent.cpp">
      <Filter>Engine\Source\Scene\Private\Component</Filter>
    </ClCompile>
    <ClCompile Include="Source\Scene\Private\Component\DecalComponent.cpp">
      <Filter>Engine\Source\Scene\Private\Component</Filter>
    </ClCompile>
    <ClCompile Include="Source\Scene\Private\Component\DecalSpotLightComponent.cpp">
      <Filter>Engine\Source\Scene\Private\Component</Filter>
    </ClCompile>
    <ClCompile Include="Source\Scene\Private\Component\DirectionalLightComponent.cpp">
      <Filter>Engine\Source\Scene\Private\Component</Filter>
    </ClCompile>
    <ClCompile Include="Source\Scene\Private\Component\HeightFogComponent.cpp">
      <Filter>Engine\Source\Scene\Private\Component</Filter>
    </ClCompile>
    <ClCompile Include="Source\Scene\Private\Component\LightComponent.cpp">
      <Filter>Engine\Source\Scene\Private\Component</Filter>
    </ClCompile>
    <ClCompile Include="Source\Scene\Private\Component\LightComponentBase.cpp">
      <Filter>Engine\Source\Scene\Private\Component</Filter>
    </ClCompile>
    <ClCompile Include="Source\Scene\Private\Component\MeshComponent.cpp">
      <Filter>Engine\Source\Scene\Private\Component</Filter>
    </ClCompile>
    <ClCompile Include="Source\Scene\Private\Component\MovementComponent.cpp">
      <Filter>Engine\Source\Scene\Private\Component</Filter>
    </ClCompile>
    <ClCompile Include="Source\Scene\Private\Component\PointLightComponent.cpp">
      <Filter>Engine\Source\Scene\Private\Component</Filter>
    </ClCompile>
    <ClCompile Include="Source\Scene\Private\Component\PrimitiveComponent.cpp">
      <Filter>Engine\Source\Scene\Private\Component</Filter>
    </ClCompile>
    <ClCompile Include="Source\Scene\Private\Component\ProjectileMovementComponent.cpp">
      <Filter>Engine\Source\Scene\Private\Component</Filter>
    </ClCompile>
    <ClCompile Include="Source\Scene\Private\Component\RotatingMovementComponent.cpp">
      <Filter>Engine\Source\Scene\Private\Component</Filter>
    </ClCompile>
    <ClCompile Include="Source\Scene\Private\Component\SceneComponent.cpp">
      <Filter>Engine\Source\Scene\Private\Component</Filter>
    </ClCompile>
    <ClCompile Include="Source\Scene\Private\Component\StaticMeshComponent.cpp">
      <Filter>Engine\Source\Scene\Private\Component</Filter>
    </ClCompile>
    <ClCompile Include="Source\Scene\Private\Component\TextComponent.cpp">
      <Filter>Engine\Source\Scene\Private\Component</Filter>
    </ClCompile>
    <ClCompile Include="Source\Scene\Private\Component\UUIDTextComponent.cpp">
      <Filter>Engine\Source\Scene\Private\Component</Filter>
    </ClCompile>
    <ClCompile Include="Source\Scene\Private\Actor\Actor.cpp">
      <Filter>Engine\Source\Scene\Private\Actor</Filter>
    </ClCompile>
    <ClCompile Include="Source\Scene\Private\Actor\AmbientLightActor.cpp">
      <Filter>Engine\Source\Scene\Private\Actor</Filter>
    </ClCompile>
    <ClCompile Include="Source\Scene\Private\Actor\BillBoardActor.cpp">
      <Filter>Engine\Source\Scene\Private\Actor</Filter>
    </ClCompile>
    <ClCompile Include="Source\Scene\Private\Actor\CubeActor.cpp">
      <Filter>Engine\Source\Scene\Private\Actor</Filter>
    </ClCompile>
    <ClCompile Include="Source\Scene\Private\Actor\DecalActor.cpp">
      <Filter>Engine\Source\Scene\Private\Actor</Filter>
    </ClCompile>
    <ClCompile Include="Source\Scene\Private\Actor\DecalSpotLightActor.cpp">
      <Filter>Engine\Source\Scene\Private\Actor</Filter>
    </ClCompile>
    <ClCompile Include="Source\Scene\Private\Actor\DirectionalLightActor.cpp">
      <Filter>Engine\Source\Scene\Private\Actor</Filter>
    </ClCompile>
    <ClCompile Include="Source\Scene\Private\Actor\HeightFogActor.cpp">
      <Filter>Engine\Source\Scene\Private\Actor</Filter>
    </ClCompile>
    <ClCompile Include="Source\Scene\Private\Actor\LightActor.cpp">
      <Filter>Engine\Source\Scene\Private\Actor</Filter>
    </ClCompile>
    <ClCompile Include="Source\Scene\Private\Actor\MovingCubeActor.cpp">
      <Filter>Engine\Source\Scene\Private\Actor</Filter>
    </ClCompile>
    <ClCompile Include="Source\Scene\Private\Actor\PointLightActor.cpp">
      <Filter>Engine\Source\Scene\Private\Actor</Filter>
    </ClCompile>
    <ClCompile Include="Source\Scene\Private\Actor\SphereActor.cpp">
      <Filter>Engine\Source\Scene\Private\Actor</Filter>
    </ClCompile>
    <ClCompile Include="Source\Scene\Private\Actor\StaticMeshActor.cpp">
      <Filter>Engine\Source\Scene\Private\Actor</Filter>
    </ClCompile>
    <ClCompile Include="Source\Scene\Private\Actor\TextActor.cpp">
      <Filter>Engine\Source\Scene\Private\Actor</Filter>
    </ClCompile>
    <ClCompile Include="Source\Scene\Private\Actor\TriangleActor.cpp">
      <Filter>Engine\Source\Scene\Private\Actor</Filter>
    </ClCompile>
    <ClCompile Include="Source\Scene\Private\Level\Level.cpp">
      <Filter>Engine\Source\Scene\Private\Level</Filter>
    </ClCompile>
    <ClCompile Include="Source\Scene\Private\Level\World.cpp">
      <Filter>Engine\Source\Scene\Private\Level</Filter>
    </ClCompile>
    <ClCompile Include="Source\Editor\Private\EditorEngine.cpp">
      <Filter>Engine\Source\Editor\Private</Filter>
    </ClCompile>
    <ClCompile Include="Source\Editor\Private\SplitterWindow.cpp">
      <Filter>Engine\Source\Editor\Private</Filter>
    </ClCompile>
    <ClCompile Include="Source\Editor\Private\ViewportClient.cpp">
      <Filter>Engine\Source\Editor\Private</Filter>
    </ClCompile>
    <ClCompile Include="Source\Editor\Private\Viewport.cpp">
      <Filter>Engine\Source\Editor\Private</Filter>
    </ClCompile>
    <ClCompile Include="Source\Editor\Private\Axis.cpp">
      <Filter>Engine\Source\Editor\Private</Filter>
    </ClCompile>
    <ClCompile Include="Source\Editor\Private\BatchLines.cpp">
      <Filter>Engine\Source\Editor\Private</Filter>
    </ClCompile>
    <ClCompile Include="Source\Editor\Private\BoundingBoxLines.cpp">
      <Filter>Engine\Source\Editor\Private</Filter>
    </ClCompile>
    <ClCompile Include="Source\Editor\Private\Camera.cpp">
      <Filter>Engine\Source\Editor\Private</Filter>
    </ClCompile>
    <ClCompile Include="Source\Editor\Private\Editor.cpp">
      <Filter>Engine\Source\Editor\Private</Filter>
    </ClCompile>
    <ClCompile Include="Source\Editor\Private\Gizmo.cpp">
      <Filter>Engine\Source\Editor\Private</Filter>
    </ClCompile>
    <ClCompile Include="Source\Editor\Private\Grid.cpp">
      <Filter>Engine\Source\Editor\Private</Filter>
    </ClCompile>
    <ClCompile Include="Source\Editor\Private\ObjectPicker.cpp">
      <Filter>Engine\Source\Editor\Private</Filter>
    </ClCompile>
    <ClCompile Include="Source\Editor\Private\UI\ImGuiHelper.cpp">
      <Filter>Engine\Source\Editor\Private\UI</Filter>
    </ClCompile>
    <ClCompile Include="Source\Editor\Private\UI\StatOverlay.cpp">
      <Filter>Engine\Source\Editor\Private\UI</Filter>
    </ClCompile>
    <ClCompile Include="Source\Editor\Private\UI\UIWindowFactory.cpp">
      <Filter>Engine\Source\Editor\Private\UI</Filter>
    </ClCompile>
    <ClCompile Include="Source\Editor\Private\UI\Widget\ActorDetailWidget.cpp">
      <Filter>Engine\Source\Editor\Private\UI\Widget</Filter>
    </ClCompile>
    <ClCompile Include="Source\Editor\Private\UI\Widget\ActorSpawnWidget.cpp">
      <Filter>Engine\Source\Editor\Private\UI\Widget</Filter>
    </ClCompile>
    <ClCompile Include="Source\Editor\Private\UI\Widget\ActorTerminationWidget.cpp">
      <Filter>Engine\Source\Editor\Private\UI\Widget</Filter>
    </ClCompile>
    <ClCompile Include="Source\Editor\Private\UI\Widget\CameraControlWIdget.cpp">
      <Filter>Engine\Source\Editor\Private\UI\Widget</Filter>
    </ClCompile>
    <ClCompile Include="Source\Editor\Private\UI\Widget\ConsoleWidget.cpp">
      <Filter>Engine\Source\Editor\Private\UI\Widget</Filter>
    </ClCompile>
    <ClCompile Include="Source\Editor\Private\UI\Widget\FPSWidget.cpp">
      <Filter>Engine\Source\Editor\Private\UI\Widget</Filter>
    </ClCompile>
    <ClCompile Include="Source\Editor\Private\UI\Widget\InputInformationWidget.cpp">
      <Filter>Engine\Source\Editor\Private\UI\Widget</Filter>
    </ClCompile>
    <ClCompile Include="Source\Editor\Private\UI\Widget\MainBarWidget.cpp">
      <Filter>Engine\Source\Editor\Private\UI\Widget</Filter>
    </ClCompile>
    <ClCompile Include="Source\Editor\Private\UI\Widget\SceneHierarchyWidget.cpp">
      <Filter>Engine\Source\Editor\Private\UI\Widget</Filter>
    </ClCompile>
    <ClCompile Include="Source\Editor\Private\UI\Widget\SceneIOWidget.cpp">
      <Filter>Engine\Source\Editor\Private\UI\Widget</Filter>
    </ClCompile>
    <ClCompile Include="Source\Editor\Private\UI\Widget\SplitterDebugWidget.cpp">
      <Filter>Engine\Source\Editor\Private\UI\Widget</Filter>
    </ClCompile>
    <ClCompile Include="Source\Editor\Private\UI\Widget\SpriteSelectionWidget.cpp">
      <Filter>Engine\Source\Editor\Private\UI\Widget</Filter>
    </ClCompile>
    <ClCompile Include="Source\Editor\Private\UI\Widget\ViewportMenuBarWidget.cpp">
      <Filter>Engine\Source\Editor\Private\UI\Widget</Filter>
    </ClCompile>
    <ClCompile Include="Source\Editor\Private\UI\Widget\Widget.cpp">
      <Filter>Engine\Source\Editor\Private\UI\Widget</Filter>
    </ClCompile>
    <ClCompile Include="Source\Editor\Private\UI\Widget\Component\SpotLightComponentWidget.cpp">
      <Filter>Engine\Source\Editor\Private\UI\Widget\Component</Filter>
    </ClCompile>
    <ClCompile Include="Source\Editor\Private\UI\Widget\Component\DecalTextureSelectionWidget.cpp">
      <Filter>Engine\Source\Editor\Private\UI\Widget\Component</Filter>
    </ClCompile>
    <ClCompile Include="Source\Editor\Private\UI\Widget\Component\HeightFogComponentWidget.cpp">
      <Filter>Engine\Source\Editor\Private\UI\Widget\Component</Filter>
    </ClCompile>
    <ClCompile Include="Source\Editor\Private\UI\Widget\Component\LightComponentWidget.cpp">
      <Filter>Engine\Source\Editor\Private\UI\Widget\Component</Filter>
    </ClCompile>
    <ClCompile Include="Source\Editor\Private\UI\Widget\Component\PointLightComponentWidget.cpp">
      <Filter>Engine\Source\Editor\Private\UI\Widget\Component</Filter>
    </ClCompile>
    <ClCompile Include="Source\Editor\Private\UI\Widget\Component\ProjectileMovementComponentWidget.cpp">
      <Filter>Engine\Source\Editor\Private\UI\Widget\Component</Filter>
    </ClCompile>
    <ClCompile Include="Source\Editor\Private\UI\Widget\Component\RotatingMovementComponentWidget.cpp">
      <Filter>Engine\Source\Editor\Private\UI\Widget\Component</Filter>
    </ClCompile>
    <ClCompile Include="Source\Editor\Private\UI\Widget\Component\SetTextComponentWidget.cpp">
      <Filter>Engine\Source\Editor\Private\UI\Widget\Component</Filter>
    </ClCompile>
    <ClCompile Include="Source\Editor\Private\UI\Widget\Component\StaticMeshComponentWidget.cpp">
      <Filter>Engine\Source\Editor\Private\UI\Widget\Component</Filter>
    </ClCompile>
    <ClCompile Include="Source\Editor\Private\UI\Window\ConsoleWindow.cpp">
      <Filter>Engine\Source\Editor\Private\UI\Window</Filter>
    </ClCompile>
    <ClCompile Include="Source\Editor\Private\UI\Window\ControlPanelWindow.cpp">
      <Filter>Engine\Source\Editor\Private\UI\Window</Filter>
    </ClCompile>
    <ClCompile Include="Source\Editor\Private\UI\Window\DetailWindow.cpp">
      <Filter>Engine\Source\Editor\Private\UI\Window</Filter>
    </ClCompile>
    <ClCompile Include="Source\Editor\Private\UI\Window\EditorWindow.cpp">
      <Filter>Engine\Source\Editor\Private\UI\Window</Filter>
    </ClCompile>
    <ClCompile Include="Source\Editor\Private\UI\Window\ExperimentalFeatureWindow.cpp">
      <Filter>Engine\Source\Editor\Private\UI\Window</Filter>
    </ClCompile>
    <ClCompile Include="Source\Editor\Private\UI\Window\MainMenuWindow.cpp">
      <Filter>Engine\Source\Editor\Private\UI\Window</Filter>
    </ClCompile>
    <ClCompile Include="Source\Editor\Private\UI\Window\OutlinerWindow.cpp">
      <Filter>Engine\Source\Editor\Private\UI\Window</Filter>
    </ClCompile>
    <ClCompile Include="Source\Editor\Private\UI\Window\UIWindow.cpp">
      <Filter>Engine\Source\Editor\Private\UI\Window</Filter>
    </ClCompile>
    <ClCompile Include="Source\Editor\Private\UI\Window\ViewportClientWindow.cpp">
      <Filter>Engine\Source\Editor\Private\UI\Window</Filter>
    </ClCompile>
    <ClCompile Include="Source\Renderer\Private\DeviceResources.cpp">
      <Filter>Engine\Source\Renderer\Private</Filter>
    </ClCompile>
    <ClCompile Include="Source\Renderer\Private\Pipeline.cpp">
      <Filter>Engine\Source\Renderer\Private</Filter>
    </ClCompile>
    <ClCompile Include="Source\Renderer\Private\Renderer.cpp">
      <Filter>Engine\Source\Renderer\Private</Filter>
    </ClCompile>
    <ClCompile Include="Source\Renderer\Private\RenderResourceFactory.cpp">
      <Filter>Engine\Source\Renderer\Private</Filter>
    </ClCompile>
    <ClCompile Include="Source\Renderer\Private\RenderPass\BillboardPass.cpp">
      <Filter>Engine\Source\Renderer\Private\RenderPass</Filter>
    </ClCompile>
    <ClCompile Include="Source\Renderer\Private\RenderPass\DecalPass.cpp">
      <Filter>Engine\Source\Renderer\Private\RenderPass</Filter>
    </ClCompile>
    <ClCompile Include="Source\Renderer\Private\RenderPass\FogPass.cpp">
      <Filter>Engine\Source\Renderer\Private\RenderPass</Filter>
    </ClCompile>
    <ClCompile Include="Source\Renderer\Private\RenderPass\FXAAPass.cpp">
      <Filter>Engine\Source\Renderer\Private\RenderPass</Filter>
    </ClCompile>
    <ClCompile Include="Source\Renderer\Private\RenderPass\NormalMapPass.cpp">
      <Filter>Engine\Source\Renderer\Private\RenderPass</Filter>
    </ClCompile>
    <ClCompile Include="Source\Renderer\Private\RenderPass\RenderPass.cpp">
      <Filter>Engine\Source\Renderer\Private\RenderPass</Filter>
    </ClCompile>
    <ClCompile Include="Source\Renderer\Private\RenderPass\SceneDepthPass.cpp">
      <Filter>Engine\Source\Renderer\Private\RenderPass</Filter>
    </ClCompile>
    <ClCompile Include="Source\Renderer\Private\RenderPass\StaticMeshPass.cpp">
      <Filter>Engine\Source\Renderer\Private\RenderPass</Filter>
    </ClCompile>
    <ClCompile Include="Source\Renderer\Private\RenderPass\TextPass.cpp">
      <Filter>Engine\Source\Renderer\Private\RenderPass</Filter>
    </ClCompile>
    <ClCompile Include="Source\Renderer\Private\Optimization\OcclusionCuller.cpp">
      <Filter>Engine\Source\Renderer\Private\Optimization</Filter>
    </ClCompile>
    <ClCompile Include="Source\Renderer\Private\Optimization\ViewVolumeCuller.cpp">
      <Filter>Engine\Source\Renderer\Private\Optimization</Filter>
    </ClCompile>
    <ClCompile Include="Source\Asset\Private\Material.cpp">
      <Filter>Engine\Source\Asset\Private</Filter>
    </ClCompile>
    <ClCompile Include="Source\Asset\Private\ObjImporter.cpp">
      <Filter>Engine\Source\Asset\Private</Filter>
    </ClCompile>
    <ClCompile Include="Source\Asset\Private\ObjManager.cpp">
      <Filter>Engine\Source\Asset\Private</Filter>
    </ClCompile>
    <ClCompile Include="Source\Asset\Private\StaticMesh.cpp">
      <Filter>Engine\Source\Asset\Private</Filter>
    </ClCompile>
    <ClCompile Include="Source\Asset\Private\Texture.cpp">
      <Filter>Engine\Source\Asset\Private</Filter>
    </ClCompile>
    <ClCompile Include="Source\Asset\Private\TextureManager.cpp">
      <Filter>Engine\Source\Asset\Private</Filter>
    </ClCompile>
    <ClCompile Include="Source\Asset\Private\VertexDatas.cpp">
      <Filter>Engine\Source\Asset\Private</Filter>
    </ClCompile>
    <ClCompile Include="Source\Core\Private\Memory.cpp">
      <Filter>Engine\Source\Core\Private</Filter>
    </ClCompile>
    <ClCompile Include="Source\Core\Private\AppWindow.cpp">
      <Filter>Engine\Source\Core\Private</Filter>
    </ClCompile>
    <ClCompile Include="Source\Core\Private\ClientApp.cpp">
      <Filter>Engine\Source\Core\Private</Filter>
    </ClCompile>
    <ClCompile Include="Source\Core\Private\Archive\Archive.cpp">
      <Filter>Engine\Source\Core\Private\Archive</Filter>
    </ClCompile>
    <ClCompile Include="Source\Core\Private\Archive\WindowsBinReader.cpp">
      <Filter>Engine\Source\Core\Private\Archive</Filter>
    </ClCompile>
    <ClCompile Include="Source\Core\Private\Archive\WindowsBinWriter.cpp">
      <Filter>Engine\Source\Core\Private\Archive</Filter>
    </ClCompile>
    <ClCompile Include="Source\Core\Private\Container\BVH.cpp">
      <Filter>Engine\Source\Core\Private\Container</Filter>
    </ClCompile>
    <ClCompile Include="Source\Core\Private\Container\Name.cpp">
      <Filter>Engine\Source\Core\Private\Container</Filter>
    </ClCompile>
    <ClCompile Include="Source\Core\Private\Container\Octree.cpp">
      <Filter>Engine\Source\Core\Private\Container</Filter>
    </ClCompile>
    <ClCompile Include="Source\Core\Private\Math\Matrix.cpp">
      <Filter>Engine\Source\Core\Private\Math</Filter>
    </ClCompile>
    <ClCompile Include="Source\Core\Private\Math\Quaternion.cpp">
      <Filter>Engine\Source\Core\Private\Math</Filter>
    </ClCompile>
    <ClCompile Include="Source\Core\Private\Math\Vector.cpp">
      <Filter>Engine\Source\Core\Private\Math</Filter>
    </ClCompile>
    <ClCompile Include="Source\Core\Private\Misc\ScopeCycleCounter.cpp">
      <Filter>Engine\Source\Core\Private\Misc</Filter>
    </ClCompile>
    <ClCompile Include="Source\Core\Private\Misc\UELogParser.cpp">
      <Filter>Engine\Source\Core\Private\Misc</Filter>
    </ClCompile>
    <ClCompile Include="Source\Core\Private\Object\Class.cpp">
      <Filter>Engine\Source\Core\Private\Object</Filter>
    </ClCompile>
    <ClCompile Include="Source\Core\Private\Object\Object.cpp">
      <Filter>Engine\Source\Core\Private\Object</Filter>
    </ClCompile>
    <ClCompile Include="Source\Manager\Private\AssetManager.cpp">
      <Filter>Engine\Source\Manager\Private</Filter>
    </ClCompile>
    <ClCompile Include="Source\Manager\Private\ConfigManager.cpp">
      <Filter>Engine\Source\Manager\Private</Filter>
    </ClCompile>
    <ClCompile Include="Source\Manager\Private\InputManager.cpp">
      <Filter>Engine\Source\Manager\Private</Filter>
    </ClCompile>
    <ClCompile Include="Source\Manager\Private\PathManager.cpp">
      <Filter>Engine\Source\Manager\Private</Filter>
    </ClCompile>
    <ClCompile Include="Source\Manager\Private\TimeManager.cpp">
      <Filter>Engine\Source\Manager\Private</Filter>
    </ClCompile>
    <ClCompile Include="Source\Manager\Private\UIManager.cpp">
      <Filter>Engine\Source\Manager\Private</Filter>
    </ClCompile>
    <ClCompile Include="Source\Physics\Private\AABB.cpp">
      <Filter>Engine\Source\Physics\Private</Filter>
    </ClCompile>
    <ClCompile Include="Source\Physics\Private\BoundingSphere.cpp">
      <Filter>Engine\Source\Physics\Private</Filter>
    </ClCompile>
    <ClCompile Include="Source\Physics\Private\OBB.cpp">
      <Filter>Engine\Source\Physics\Private</Filter>
    </ClCompile>
    <ClCompile Include="Source\ImGui\imgui.cpp">
      <Filter>Engine\Source\ImGui</Filter>
    </ClCompile>
    <ClCompile Include="Source\ImGui\imgui_demo.cpp">
      <Filter>Engine\Source\ImGui</Filter>
    </ClCompile>
    <ClCompile Include="Source\ImGui\imgui_draw.cpp">
      <Filter>Engine\Source\ImGui</Filter>
    </ClCompile>
    <ClCompile Include="Source\ImGui\imgui_impl_dx11.cpp">
      <Filter>Engine\Source\ImGui</Filter>
    </ClCompile>
    <ClCompile Include="Source\ImGui\imgui_impl_win32.cpp">
      <Filter>Engine\Source\ImGui</Filter>
    </ClCompile>
    <ClCompile Include="Source\ImGui\imgui_tables.cpp">
      <Filter>Engine\Source\ImGui</Filter>
    </ClCompile>
    <ClCompile Include="Source\ImGui\imgui_widgets.cpp">
      <Filter>Engine\Source\ImGui</Filter>
    </ClCompile>
    <ClCompile Include="Source\Renderer\Private\RenderPass\StaticMeshUnlitPass.cpp" />
  </ItemGroup>
  <ItemGroup>
    <ClInclude Include="Source\Scene\Public\Component\LightComponent.h">
      <Filter>Engine\Source\Scene\Public\Component</Filter>
    </ClInclude>
    <ClInclude Include="Source\Scene\Public\Component\LightComponent.h" />
    <ClInclude Include="Source\Renderer\Public\RenderPass\DefaultViewPass.h">
      <Filter>Engine\Source\Renderer\Public\RenderPass</Filter>
    </ClInclude>
    <ClInclude Include="pch.h">
      <Filter>Engine</Filter>
    </ClInclude>
    <ClInclude Include="Source\Scene\Public\Component\ActorComponent.h">
      <Filter>Engine\Source\Scene\Public\Component</Filter>
    </ClInclude>
    <ClInclude Include="Source\Scene\Public\Component\AmbientLightComponent.h">
      <Filter>Engine\Source\Scene\Public\Component</Filter>
    </ClInclude>
    <ClInclude Include="Source\Scene\Public\Component\BillBoardComponent.h">
      <Filter>Engine\Source\Scene\Public\Component</Filter>
    </ClInclude>
    <ClInclude Include="Source\Scene\Public\Component\DecalComponent.h">
      <Filter>Engine\Source\Scene\Public\Component</Filter>
    </ClInclude>
    <ClInclude Include="Source\Scene\Public\Component\DecalSpotLightComponent.h">
      <Filter>Engine\Source\Scene\Public\Component</Filter>
    </ClInclude>
    <ClInclude Include="Source\Scene\Public\Component\DirectionalLightComponent.h">
      <Filter>Engine\Source\Scene\Public\Component</Filter>
    </ClInclude>
    <ClInclude Include="Source\Scene\Public\Component\HeightFogComponent.h">
      <Filter>Engine\Source\Scene\Public\Component</Filter>
    </ClInclude>
    <ClInclude Include="Source\Scene\Public\Component\LightComponent.h">
      <Filter>Engine\Source\Scene\Public\Component</Filter>
    </ClInclude>
    <ClInclude Include="Source\Scene\Public\Component\LightComponentBase.h">
      <Filter>Engine\Source\Scene\Public\Component</Filter>
    </ClInclude>
    <ClInclude Include="Source\Scene\Public\Component\MeshComponent.h">
      <Filter>Engine\Source\Scene\Public\Component</Filter>
    </ClInclude>
    <ClInclude Include="Source\Scene\Public\Component\MovementComponent.h">
      <Filter>Engine\Source\Scene\Public\Component</Filter>
    </ClInclude>
    <ClInclude Include="Source\Scene\Public\Component\PointLightComponent.h">
      <Filter>Engine\Source\Scene\Public\Component</Filter>
    </ClInclude>
    <ClInclude Include="Source\Scene\Public\Component\PrimitiveComponent.h">
      <Filter>Engine\Source\Scene\Public\Component</Filter>
    </ClInclude>
    <ClInclude Include="Source\Scene\Public\Component\ProjectileMovementComponent.h">
      <Filter>Engine\Source\Scene\Public\Component</Filter>
    </ClInclude>
    <ClInclude Include="Source\Scene\Public\Component\RotatingMovementComponent.h">
      <Filter>Engine\Source\Scene\Public\Component</Filter>
    </ClInclude>
    <ClInclude Include="Source\Scene\Public\Component\SceneComponent.h">
      <Filter>Engine\Source\Scene\Public\Component</Filter>
    </ClInclude>
    <ClInclude Include="Source\Scene\Public\Component\StaticMeshComponent.h">
      <Filter>Engine\Source\Scene\Public\Component</Filter>
    </ClInclude>
    <ClInclude Include="Source\Scene\Public\Component\TextComponent.h">
      <Filter>Engine\Source\Scene\Public\Component</Filter>
    </ClInclude>
    <ClInclude Include="Source\Scene\Public\Component\UUIDTextComponent.h">
      <Filter>Engine\Source\Scene\Public\Component</Filter>
    </ClInclude>
    <ClInclude Include="Source\Scene\Public\Component\SpotLightComponent.h">
      <Filter>Engine\Source\Scene\Public\Component</Filter>
    </ClInclude>
    <ClInclude Include="Source\Scene\Public\Actor\Actor.h">
      <Filter>Engine\Source\Scene\Public\Actor</Filter>
    </ClInclude>
    <ClInclude Include="Source\Scene\Public\Actor\AmbientLightActor.h">
      <Filter>Engine\Source\Scene\Public\Actor</Filter>
    </ClInclude>
    <ClInclude Include="Source\Scene\Public\Actor\BillBoardActor.h">
      <Filter>Engine\Source\Scene\Public\Actor</Filter>
    </ClInclude>
    <ClInclude Include="Source\Scene\Public\Actor\CubeActor.h">
      <Filter>Engine\Source\Scene\Public\Actor</Filter>
    </ClInclude>
    <ClInclude Include="Source\Scene\Public\Actor\DecalActor.h">
      <Filter>Engine\Source\Scene\Public\Actor</Filter>
    </ClInclude>
    <ClInclude Include="Source\Scene\Public\Actor\DecalSpotLightActor.h">
      <Filter>Engine\Source\Scene\Public\Actor</Filter>
    </ClInclude>
    <ClInclude Include="Source\Scene\Public\Actor\DirectionalLightActor.h">
      <Filter>Engine\Source\Scene\Public\Actor</Filter>
    </ClInclude>
    <ClInclude Include="Source\Scene\Public\Actor\HeightFogActor.h">
      <Filter>Engine\Source\Scene\Public\Actor</Filter>
    </ClInclude>
    <ClInclude Include="Source\Scene\Public\Actor\LightActor.h">
      <Filter>Engine\Source\Scene\Public\Actor</Filter>
    </ClInclude>
    <ClInclude Include="Source\Scene\Public\Actor\MovingCubeActor.h">
      <Filter>Engine\Source\Scene\Public\Actor</Filter>
    </ClInclude>
    <ClInclude Include="Source\Scene\Public\Actor\PointLightActor.h">
      <Filter>Engine\Source\Scene\Public\Actor</Filter>
    </ClInclude>
    <ClInclude Include="Source\Scene\Public\Actor\SphereActor.h">
      <Filter>Engine\Source\Scene\Public\Actor</Filter>
    </ClInclude>
    <ClInclude Include="Source\Scene\Public\Actor\StaticMeshActor.h">
      <Filter>Engine\Source\Scene\Public\Actor</Filter>
    </ClInclude>
    <ClInclude Include="Source\Scene\Public\Actor\TextActor.h">
      <Filter>Engine\Source\Scene\Public\Actor</Filter>
    </ClInclude>
    <ClInclude Include="Source\Scene\Public\Actor\TriangleActor.h">
      <Filter>Engine\Source\Scene\Public\Actor</Filter>
    </ClInclude>
    <ClInclude Include="Source\Scene\Public\Level\Level.h">
      <Filter>Engine\Source\Scene\Public\Level</Filter>
    </ClInclude>
    <ClInclude Include="Source\Scene\Public\Level\World.h">
      <Filter>Engine\Source\Scene\Public\Level</Filter>
    </ClInclude>
    <ClInclude Include="Source\Editor\Public\EditorEngine.h">
      <Filter>Engine\Source\Editor\Public</Filter>
    </ClInclude>
    <ClInclude Include="Source\Editor\Public\SplitterWindow.h">
      <Filter>Engine\Source\Editor\Public</Filter>
    </ClInclude>
    <ClInclude Include="Source\Editor\Public\ViewportClient.h">
      <Filter>Engine\Source\Editor\Public</Filter>
    </ClInclude>
    <ClInclude Include="Source\Editor\Public\Viewport.h">
      <Filter>Engine\Source\Editor\Public</Filter>
    </ClInclude>
    <ClInclude Include="Source\Editor\Public\Axis.h">
      <Filter>Engine\Source\Editor\Public</Filter>
    </ClInclude>
    <ClInclude Include="Source\Editor\Public\BatchLines.h">
      <Filter>Engine\Source\Editor\Public</Filter>
    </ClInclude>
    <ClInclude Include="Source\Editor\Public\BoundingBoxLines.h">
      <Filter>Engine\Source\Editor\Public</Filter>
    </ClInclude>
    <ClInclude Include="Source\Editor\Public\Camera.h">
      <Filter>Engine\Source\Editor\Public</Filter>
    </ClInclude>
    <ClInclude Include="Source\Editor\Public\Editor.h">
      <Filter>Engine\Source\Editor\Public</Filter>
    </ClInclude>
    <ClInclude Include="Source\Editor\Public\EditorPrimitive.h">
      <Filter>Engine\Source\Editor\Public</Filter>
    </ClInclude>
    <ClInclude Include="Source\Editor\Public\Gizmo.h">
      <Filter>Engine\Source\Editor\Public</Filter>
    </ClInclude>
    <ClInclude Include="Source\Editor\Public\Grid.h">
      <Filter>Engine\Source\Editor\Public</Filter>
    </ClInclude>
    <ClInclude Include="Source\Editor\Public\ObjectPicker.h">
      <Filter>Engine\Source\Editor\Public</Filter>
    </ClInclude>
    <ClInclude Include="Source\Editor\Public\UI\ImGuiHelper.h">
      <Filter>Engine\Source\Editor\Public\UI</Filter>
    </ClInclude>
    <ClInclude Include="Source\Editor\Public\UI\StatOverlay.h">
      <Filter>Engine\Source\Editor\Public\UI</Filter>
    </ClInclude>
    <ClInclude Include="Source\Editor\Public\UI\UIWindowFactory.h">
      <Filter>Engine\Source\Editor\Public\UI</Filter>
    </ClInclude>
    <ClInclude Include="Source\Editor\Public\UI\Widget\ActorDetailWidget.h">
      <Filter>Engine\Source\Editor\Public\UI\Widget</Filter>
    </ClInclude>
    <ClInclude Include="Source\Editor\Public\UI\Widget\ActorSpawnWidget.h">
      <Filter>Engine\Source\Editor\Public\UI\Widget</Filter>
    </ClInclude>
    <ClInclude Include="Source\Editor\Public\UI\Widget\ActorTerminationWidget.h">
      <Filter>Engine\Source\Editor\Public\UI\Widget</Filter>
    </ClInclude>
    <ClInclude Include="Source\Editor\Public\UI\Widget\CameraControlWidget.h">
      <Filter>Engine\Source\Editor\Public\UI\Widget</Filter>
    </ClInclude>
    <ClInclude Include="Source\Editor\Public\UI\Widget\ConsoleWidget.h">
      <Filter>Engine\Source\Editor\Public\UI\Widget</Filter>
    </ClInclude>
    <ClInclude Include="Source\Editor\Public\UI\Widget\FPSWidget.h">
      <Filter>Engine\Source\Editor\Public\UI\Widget</Filter>
    </ClInclude>
    <ClInclude Include="Source\Editor\Public\UI\Widget\InputInformationWidget.h">
      <Filter>Engine\Source\Editor\Public\UI\Widget</Filter>
    </ClInclude>
    <ClInclude Include="Source\Editor\Public\UI\Widget\MainBarWidget.h">
      <Filter>Engine\Source\Editor\Public\UI\Widget</Filter>
    </ClInclude>
    <ClInclude Include="Source\Editor\Public\UI\Widget\SceneHierarchyWidget.h">
      <Filter>Engine\Source\Editor\Public\UI\Widget</Filter>
    </ClInclude>
    <ClInclude Include="Source\Editor\Public\UI\Widget\SceneIOWidget.h">
      <Filter>Engine\Source\Editor\Public\UI\Widget</Filter>
    </ClInclude>
    <ClInclude Include="Source\Editor\Public\UI\Widget\SplitterDebugWidget.h">
      <Filter>Engine\Source\Editor\Public\UI\Widget</Filter>
    </ClInclude>
    <ClInclude Include="Source\Editor\Public\UI\Widget\SpriteSelectionWidget.h">
      <Filter>Engine\Source\Editor\Public\UI\Widget</Filter>
    </ClInclude>
    <ClInclude Include="Source\Editor\Public\UI\Widget\ViewportMenuBarWidget.h">
      <Filter>Engine\Source\Editor\Public\UI\Widget</Filter>
    </ClInclude>
    <ClInclude Include="Source\Editor\Public\UI\Widget\Widget.h">
      <Filter>Engine\Source\Editor\Public\UI\Widget</Filter>
    </ClInclude>
    <ClInclude Include="Source\Editor\Public\UI\Widget\Component\DecalTextureSelectionWidget.h">
      <Filter>Engine\Source\Editor\Public\UI\Widget\Component</Filter>
    </ClInclude>
    <ClInclude Include="Source\Editor\Public\UI\Widget\Component\HeightFogComponentWidget.h">
      <Filter>Engine\Source\Editor\Public\UI\Widget\Component</Filter>
    </ClInclude>
    <ClInclude Include="Source\Editor\Public\UI\Widget\Component\LightComponentWidget.h">
      <Filter>Engine\Source\Editor\Public\UI\Widget\Component</Filter>
    </ClInclude>
    <ClInclude Include="Source\Editor\Public\UI\Widget\Component\PointLightComponentWidget.h">
      <Filter>Engine\Source\Editor\Public\UI\Widget\Component</Filter>
    </ClInclude>
    <ClInclude Include="Source\Editor\Public\UI\Widget\Component\ProjectileMovementComponentWidget.h">
      <Filter>Engine\Source\Editor\Public\UI\Widget\Component</Filter>
    </ClInclude>
    <ClInclude Include="Source\Editor\Public\UI\Widget\Component\RotatingMovementComponentWidget.h">
      <Filter>Engine\Source\Editor\Public\UI\Widget\Component</Filter>
    </ClInclude>
    <ClInclude Include="Source\Editor\Public\UI\Widget\Component\SetTextComponentWidget.h">
      <Filter>Engine\Source\Editor\Public\UI\Widget\Component</Filter>
    </ClInclude>
    <ClInclude Include="Source\Editor\Public\UI\Widget\Component\SpotLightComponentWidget.h">
      <Filter>Engine\Source\Editor\Public\UI\Widget\Component</Filter>
    </ClInclude>
    <ClInclude Include="Source\Editor\Public\UI\Widget\Component\StaticMeshComponentWidget.h">
      <Filter>Engine\Source\Editor\Public\UI\Widget\Component</Filter>
    </ClInclude>
    <ClInclude Include="Source\Editor\Public\UI\Window\ConsoleWindow.h">
      <Filter>Engine\Source\Editor\Public\UI\Window</Filter>
    </ClInclude>
    <ClInclude Include="Source\Editor\Public\UI\Window\ControlPanelWindow.h">
      <Filter>Engine\Source\Editor\Public\UI\Window</Filter>
    </ClInclude>
    <ClInclude Include="Source\Editor\Public\UI\Window\DetailWindow.h">
      <Filter>Engine\Source\Editor\Public\UI\Window</Filter>
    </ClInclude>
    <ClInclude Include="Source\Editor\Public\UI\Window\EditorWindow.h">
      <Filter>Engine\Source\Editor\Public\UI\Window</Filter>
    </ClInclude>
    <ClInclude Include="Source\Editor\Public\UI\Window\ExperimentalFeatureWindow.h">
      <Filter>Engine\Source\Editor\Public\UI\Window</Filter>
    </ClInclude>
    <ClInclude Include="Source\Editor\Public\UI\Window\MainMenuWindow.h">
      <Filter>Engine\Source\Editor\Public\UI\Window</Filter>
    </ClInclude>
    <ClInclude Include="Source\Editor\Public\UI\Window\OutlinerWindow.h">
      <Filter>Engine\Source\Editor\Public\UI\Window</Filter>
    </ClInclude>
    <ClInclude Include="Source\Editor\Public\UI\Window\UIWindow.h">
      <Filter>Engine\Source\Editor\Public\UI\Window</Filter>
    </ClInclude>
    <ClInclude Include="Source\Editor\Public\UI\Window\ViewportClientWindow.h">
      <Filter>Engine\Source\Editor\Public\UI\Window</Filter>
    </ClInclude>
    <ClInclude Include="Source\Renderer\Public\DeviceResources.h">
      <Filter>Engine\Source\Renderer\Public</Filter>
    </ClInclude>
    <ClInclude Include="Source\Renderer\Public\LightData.h">
      <Filter>Engine\Source\Renderer\Public</Filter>
    </ClInclude>
    <ClInclude Include="Source\Renderer\Public\Pipeline.h">
      <Filter>Engine\Source\Renderer\Public</Filter>
    </ClInclude>
    <ClInclude Include="Source\Renderer\Public\Renderer.h">
      <Filter>Engine\Source\Renderer\Public</Filter>
    </ClInclude>
    <ClInclude Include="Source\Renderer\Public\RenderResourceFactory.h">
      <Filter>Engine\Source\Renderer\Public</Filter>
    </ClInclude>
    <ClInclude Include="Source\Renderer\Public\RenderPass\BillboardPass.h">
      <Filter>Engine\Source\Renderer\Public\RenderPass</Filter>
    </ClInclude>
    <ClInclude Include="Source\Renderer\Public\RenderPass\DecalPass.h">
      <Filter>Engine\Source\Renderer\Public\RenderPass</Filter>
    </ClInclude>
    <ClInclude Include="Source\Renderer\Public\RenderPass\FogPass.h">
      <Filter>Engine\Source\Renderer\Public\RenderPass</Filter>
    </ClInclude>
    <ClInclude Include="Source\Renderer\Public\RenderPass\FXAAPass.h">
      <Filter>Engine\Source\Renderer\Public\RenderPass</Filter>
    </ClInclude>
    <ClInclude Include="Source\Renderer\Public\RenderPass\NormalMapPass.h">
      <Filter>Engine\Source\Renderer\Public\RenderPass</Filter>
    </ClInclude>
    <ClInclude Include="Source\Renderer\Public\RenderPass\RenderingContext.h">
      <Filter>Engine\Source\Renderer\Public\RenderPass</Filter>
    </ClInclude>
    <ClInclude Include="Source\Renderer\Public\RenderPass\RenderPass.h">
      <Filter>Engine\Source\Renderer\Public\RenderPass</Filter>
    </ClInclude>
    <ClInclude Include="Source\Renderer\Public\RenderPass\SceneDepthPass.h">
      <Filter>Engine\Source\Renderer\Public\RenderPass</Filter>
    </ClInclude>
    <ClInclude Include="Source\Renderer\Public\RenderPass\StaticMeshPass.h">
      <Filter>Engine\Source\Renderer\Public\RenderPass</Filter>
    </ClInclude>
    <ClInclude Include="Source\Renderer\Public\RenderPass\TextPass.h">
      <Filter>Engine\Source\Renderer\Public\RenderPass</Filter>
    </ClInclude>
    <ClInclude Include="Source\Renderer\Public\Optimization\OcclusionCuller.h">
      <Filter>Engine\Source\Renderer\Public\Optimization</Filter>
    </ClInclude>
    <ClInclude Include="Source\Renderer\Public\Optimization\ViewVolumeCuller.h">
      <Filter>Engine\Source\Renderer\Public\Optimization</Filter>
    </ClInclude>
    <ClInclude Include="Source\Asset\Public\JsonSerializer.h">
      <Filter>Engine\Source\Asset\Public</Filter>
    </ClInclude>
    <ClInclude Include="Source\Asset\Public\Material.h">
      <Filter>Engine\Source\Asset\Public</Filter>
    </ClInclude>
    <ClInclude Include="Source\Asset\Public\ObjImporter.h">
      <Filter>Engine\Source\Asset\Public</Filter>
    </ClInclude>
    <ClInclude Include="Source\Asset\Public\ObjManager.h">
      <Filter>Engine\Source\Asset\Public</Filter>
    </ClInclude>
    <ClInclude Include="Source\Asset\Public\StaticMesh.h">
      <Filter>Engine\Source\Asset\Public</Filter>
    </ClInclude>
    <ClInclude Include="Source\Asset\Public\Texture.h">
      <Filter>Engine\Source\Asset\Public</Filter>
    </ClInclude>
    <ClInclude Include="Source\Asset\Public\TextureManager.h">
      <Filter>Engine\Source\Asset\Public</Filter>
    </ClInclude>
    <ClInclude Include="Source\Asset\Public\TextureRenderProxy.h">
      <Filter>Engine\Source\Asset\Public</Filter>
    </ClInclude>
    <ClInclude Include="Source\Asset\Public\VertexDatas.h">
      <Filter>Engine\Source\Asset\Public</Filter>
    </ClInclude>
    <ClInclude Include="Source\Core\Public\CoreTypes.h">
      <Filter>Engine\Source\Core\Public</Filter>
    </ClInclude>
    <ClInclude Include="Source\Core\Public\EngineStatics.h">
      <Filter>Engine\Source\Core\Public</Filter>
    </ClInclude>
    <ClInclude Include="Source\Core\Public\Memory.h">
      <Filter>Engine\Source\Core\Public</Filter>
    </ClInclude>
    <ClInclude Include="Source\Core\Public\Types.h">
      <Filter>Engine\Source\Core\Public</Filter>
    </ClInclude>
    <ClInclude Include="Source\Core\Public\AppWindow.h">
      <Filter>Engine\Source\Core\Public</Filter>
    </ClInclude>
    <ClInclude Include="Source\Core\Public\ClientApp.h">
      <Filter>Engine\Source\Core\Public</Filter>
    </ClInclude>
    <ClInclude Include="Source\Core\Public\resource.h">
      <Filter>Engine\Source\Core\Public</Filter>
    </ClInclude>
    <ClInclude Include="Source\Core\Public\Archive\Archive.h">
      <Filter>Engine\Source\Core\Public\Archive</Filter>
    </ClInclude>
    <ClInclude Include="Source\Core\Public\Archive\WindowsBinReader.h">
      <Filter>Engine\Source\Core\Public\Archive</Filter>
    </ClInclude>
    <ClInclude Include="Source\Core\Public\Archive\WindowsBinWriter.h">
      <Filter>Engine\Source\Core\Public\Archive</Filter>
    </ClInclude>
    <ClInclude Include="Source\Core\Public\Container\BVH.h">
      <Filter>Engine\Source\Core\Public\Container</Filter>
    </ClInclude>
    <ClInclude Include="Source\Core\Public\Container\Name.h">
      <Filter>Engine\Source\Core\Public\Container</Filter>
    </ClInclude>
    <ClInclude Include="Source\Core\Public\Container\Octree.h">
      <Filter>Engine\Source\Core\Public\Container</Filter>
    </ClInclude>
    <ClInclude Include="Source\Core\Public\Math\Matrix.h">
      <Filter>Engine\Source\Core\Public\Math</Filter>
    </ClInclude>
    <ClInclude Include="Source\Core\Public\Math\Quaternion.h">
      <Filter>Engine\Source\Core\Public\Math</Filter>
    </ClInclude>
    <ClInclude Include="Source\Core\Public\Math\Vector.h">
      <Filter>Engine\Source\Core\Public\Math</Filter>
    </ClInclude>
    <ClInclude Include="Source\Core\Public\Misc\Constant.h">
      <Filter>Engine\Source\Core\Public\Misc</Filter>
    </ClInclude>
    <ClInclude Include="Source\Core\Public\Misc\Enum.h">
      <Filter>Engine\Source\Core\Public\Misc</Filter>
    </ClInclude>
    <ClInclude Include="Source\Core\Public\Misc\EnumReflection.h">
      <Filter>Engine\Source\Core\Public\Misc</Filter>
    </ClInclude>
    <ClInclude Include="Source\Core\Public\Misc\Function.h">
      <Filter>Engine\Source\Core\Public\Misc</Filter>
    </ClInclude>
    <ClInclude Include="Source\Core\Public\Misc\Macro.h">
      <Filter>Engine\Source\Core\Public\Misc</Filter>
    </ClInclude>
    <ClInclude Include="Source\Core\Public\Misc\ScopeCycleCounter.h">
      <Filter>Engine\Source\Core\Public\Misc</Filter>
    </ClInclude>
    <ClInclude Include="Source\Core\Public\Misc\UELogParser.h">
      <Filter>Engine\Source\Core\Public\Misc</Filter>
    </ClInclude>
    <ClInclude Include="Source\Core\Public\Object\Class.h">
      <Filter>Engine\Source\Core\Public\Object</Filter>
    </ClInclude>
    <ClInclude Include="Source\Core\Public\Object\NewObject.h">
      <Filter>Engine\Source\Core\Public\Object</Filter>
    </ClInclude>
    <ClInclude Include="Source\Core\Public\Object\Object.h">
      <Filter>Engine\Source\Core\Public\Object</Filter>
    </ClInclude>
    <ClInclude Include="Source\Core\Public\Object\ObjectIterator.h">
      <Filter>Engine\Source\Core\Public\Object</Filter>
    </ClInclude>
    <ClInclude Include="Source\Manager\Public\AssetManager.h">
      <Filter>Engine\Source\Manager\Public</Filter>
    </ClInclude>
    <ClInclude Include="Source\Manager\Public\ConfigManager.h">
      <Filter>Engine\Source\Manager\Public</Filter>
    </ClInclude>
    <ClInclude Include="Source\Manager\Public\InputManager.h">
      <Filter>Engine\Source\Manager\Public</Filter>
    </ClInclude>
    <ClInclude Include="Source\Manager\Public\PathManager.h">
      <Filter>Engine\Source\Manager\Public</Filter>
    </ClInclude>
    <ClInclude Include="Source\Manager\Public\TimeManager.h">
      <Filter>Engine\Source\Manager\Public</Filter>
    </ClInclude>
    <ClInclude Include="Source\Manager\Public\UIManager.h">
      <Filter>Engine\Source\Manager\Public</Filter>
    </ClInclude>
    <ClInclude Include="Source\Physics\Public\AABB.h">
      <Filter>Engine\Source\Physics\Public</Filter>
    </ClInclude>
    <ClInclude Include="Source\Physics\Public\BoundingSphere.h">
      <Filter>Engine\Source\Physics\Public</Filter>
    </ClInclude>
    <ClInclude Include="Source\Physics\Public\BoundingVolume.h">
      <Filter>Engine\Source\Physics\Public</Filter>
    </ClInclude>
    <ClInclude Include="Source\Physics\Public\OBB.h">
      <Filter>Engine\Source\Physics\Public</Filter>
    </ClInclude>
    <ClInclude Include="Source\ImGui\imconfig.h">
      <Filter>Engine\Source\ImGui</Filter>
    </ClInclude>
    <ClInclude Include="Source\ImGui\imgui.h">
      <Filter>Engine\Source\ImGui</Filter>
    </ClInclude>
    <ClInclude Include="Source\ImGui\imgui_impl_dx11.h">
      <Filter>Engine\Source\ImGui</Filter>
    </ClInclude>
    <ClInclude Include="Source\ImGui\imgui_impl_win32.h">
      <Filter>Engine\Source\ImGui</Filter>
    </ClInclude>
    <ClInclude Include="Source\ImGui\imgui_internal.h">
      <Filter>Engine\Source\ImGui</Filter>
    </ClInclude>
    <ClInclude Include="Source\ImGui\imstb_rectpack.h">
      <Filter>Engine\Source\ImGui</Filter>
    </ClInclude>
    <ClInclude Include="Source\ImGui\imstb_textedit.h">
      <Filter>Engine\Source\ImGui</Filter>
    </ClInclude>
    <ClInclude Include="Source\ImGui\imstb_truetype.h">
      <Filter>Engine\Source\ImGui</Filter>
    </ClInclude>
    <ClInclude Include="Source\Renderer\Public\RenderPass\StaticMeshUnlitPass.h" />
  </ItemGroup>
  <ItemGroup>
    <None Include="..\.editorconfig" />
    <None Include="ClassDiagram.cd">
      <Filter>Engine</Filter>
    </None>
  </ItemGroup>
  <ItemGroup>
    <Filter Include="Engine">
      <UniqueIdentifier>{03170eae-ad77-4598-8b7b-c1b7f1b0a0fd}</UniqueIdentifier>
    </Filter>
    <Filter Include="Engine\Asset">
      <UniqueIdentifier>{3733958e-971b-46d7-b588-522ba4081185}</UniqueIdentifier>
    </Filter>
    <Filter Include="Engine\Asset\Shader">
      <UniqueIdentifier>{8f05ff90-1b15-4744-b7bd-758987f41b11}</UniqueIdentifier>
    </Filter>
    <Filter Include="Engine\Source">
      <UniqueIdentifier>{78a31731-4f6c-4a1f-8554-ed6fda5ec761}</UniqueIdentifier>
    </Filter>
    <Filter Include="Engine\Source\Renderer">
      <UniqueIdentifier>{fad10676-69c9-4e37-afb8-425e9019df3a}</UniqueIdentifier>
    </Filter>
    <Filter Include="Engine\Source\Renderer\Private">
      <UniqueIdentifier>{132d2388-1977-4292-9625-688bbbc08d0c}</UniqueIdentifier>
    </Filter>
    <Filter Include="Engine\Source\Renderer\Private\RenderPass">
      <UniqueIdentifier>{3b6c0406-c844-417b-9451-6e697e7ad5d6}</UniqueIdentifier>
    </Filter>
    <Filter Include="Engine\Source\Renderer\Public">
      <UniqueIdentifier>{8757177c-761f-4eb2-83b9-a04b1d137415}</UniqueIdentifier>
    </Filter>
    <Filter Include="Engine\Source\Renderer\Public\RenderPass">
      <UniqueIdentifier>{8b7192e0-c5df-4d9f-8a24-bad484603797}</UniqueIdentifier>
    </Filter>
    <Filter Include="Engine\Source\Scene">
      <UniqueIdentifier>{c80a7fc7-ca6c-4383-8d54-82e9a55919f7}</UniqueIdentifier>
    </Filter>
    <Filter Include="Engine\Source\Scene\Public">
      <UniqueIdentifier>{c061661e-dbcb-4675-b37b-784d3ee9fb7b}</UniqueIdentifier>
    </Filter>
    <Filter Include="Engine\Source\Scene\Public\Component">
      <UniqueIdentifier>{a0455df7-c73c-456b-a15b-60881bb7900f}</UniqueIdentifier>
    </Filter>
    <Filter Include="Engine\Source\Scene\Public\Actor">
      <UniqueIdentifier>{08bdd715-3f37-4d53-a098-fc82dcccc356}</UniqueIdentifier>
    </Filter>
    <Filter Include="Engine\Source\Scene\Public\Level">
      <UniqueIdentifier>{7d5fb096-8bb4-4d76-a13f-9cba69d4b8ad}</UniqueIdentifier>
    </Filter>
    <Filter Include="Engine\Source\Scene\Private">
      <UniqueIdentifier>{2d8b9f12-ddfe-4b12-9099-b742acaf6bc4}</UniqueIdentifier>
    </Filter>
    <Filter Include="Engine\Source\Scene\Private\Component">
      <UniqueIdentifier>{9892c337-568d-4e3f-bb0c-f8e834e8f33d}</UniqueIdentifier>
    </Filter>
    <Filter Include="Engine\Source\Scene\Private\Actor">
      <UniqueIdentifier>{26548713-29fd-4809-bb36-dd27e569116b}</UniqueIdentifier>
    </Filter>
    <Filter Include="Engine\Source\Scene\Private\Level">
      <UniqueIdentifier>{ca3a6e25-d695-4af5-b359-943a943e4994}</UniqueIdentifier>
    </Filter>
    <Filter Include="Engine\Source\Editor">
      <UniqueIdentifier>{f1e7c77c-d890-428d-8356-cbab904799d9}</UniqueIdentifier>
    </Filter>
    <Filter Include="Engine\Source\Editor\Private">
      <UniqueIdentifier>{6b5fc41d-55d8-4b94-b5f2-d8462b06a8cb}</UniqueIdentifier>
    </Filter>
    <Filter Include="Engine\Source\Editor\Private\UI">
      <UniqueIdentifier>{1d92c70f-5ee9-46a0-b1e4-e3e4f11ccea8}</UniqueIdentifier>
    </Filter>
    <Filter Include="Engine\Source\Editor\Private\UI\Widget">
      <UniqueIdentifier>{259a1f8a-95c6-493a-adc2-603b33dcd513}</UniqueIdentifier>
    </Filter>
    <Filter Include="Engine\Source\Editor\Private\UI\Widget\Component">
      <UniqueIdentifier>{8d375266-29f2-4654-b885-2a4026f0eef3}</UniqueIdentifier>
    </Filter>
    <Filter Include="Engine\Source\Editor\Private\UI\Window">
      <UniqueIdentifier>{fc9c330b-48a3-4ad9-bd89-03a2cecfa388}</UniqueIdentifier>
    </Filter>
    <Filter Include="Engine\Source\Editor\Public">
      <UniqueIdentifier>{81d4b959-0784-46f7-ab70-565b4e55012c}</UniqueIdentifier>
    </Filter>
    <Filter Include="Engine\Source\Editor\Public\UI">
      <UniqueIdentifier>{a3f414f7-ad5e-4ccb-91f1-d25c2c8b2677}</UniqueIdentifier>
    </Filter>
    <Filter Include="Engine\Source\Editor\Public\UI\Widget">
      <UniqueIdentifier>{aba2264c-68a0-4355-85aa-80c20b786125}</UniqueIdentifier>
    </Filter>
    <Filter Include="Engine\Source\Editor\Public\UI\Widget\Component">
      <UniqueIdentifier>{7c6bc45d-a482-4b22-810d-07db812de3f3}</UniqueIdentifier>
    </Filter>
    <Filter Include="Engine\Source\Editor\Public\UI\Window">
      <UniqueIdentifier>{7be1c688-9687-432f-83f1-7d3728368486}</UniqueIdentifier>
    </Filter>
    <Filter Include="Engine\Source\Renderer\Public\Optimization">
      <UniqueIdentifier>{0fe7eaf1-1253-4425-b881-03d0d13a3151}</UniqueIdentifier>
    </Filter>
    <Filter Include="Engine\Source\Renderer\Private\Optimization">
      <UniqueIdentifier>{4b2c7a87-30c7-4067-8426-eab9d20843e8}</UniqueIdentifier>
    </Filter>
    <Filter Include="Engine\Source\Asset">
      <UniqueIdentifier>{98080afe-a40d-4836-8348-18d391eab1a6}</UniqueIdentifier>
    </Filter>
    <Filter Include="Engine\Source\Asset\Private">
      <UniqueIdentifier>{5a230380-f09b-424f-a419-521d24c836ad}</UniqueIdentifier>
    </Filter>
    <Filter Include="Engine\Source\Asset\Public">
      <UniqueIdentifier>{aaf14210-9c91-407b-b5d3-3d9621a56de3}</UniqueIdentifier>
    </Filter>
    <Filter Include="Engine\Source\Core">
      <UniqueIdentifier>{2296c646-867d-4a04-b2f9-e96a95f81875}</UniqueIdentifier>
    </Filter>
    <Filter Include="Engine\Source\Core\Private">
      <UniqueIdentifier>{8f066f81-606d-41b3-9099-2883357c33c1}</UniqueIdentifier>
    </Filter>
    <Filter Include="Engine\Source\Core\Private\Archive">
      <UniqueIdentifier>{4d28f7e1-f3f6-49a6-8081-b354aafedd80}</UniqueIdentifier>
    </Filter>
    <Filter Include="Engine\Source\Core\Private\Container">
      <UniqueIdentifier>{d3794746-5f1d-4950-a855-1d58dea6656f}</UniqueIdentifier>
    </Filter>
    <Filter Include="Engine\Source\Core\Private\Math">
      <UniqueIdentifier>{05cb5c17-7e43-4e5d-8022-33c76eacc205}</UniqueIdentifier>
    </Filter>
    <Filter Include="Engine\Source\Core\Private\Misc">
      <UniqueIdentifier>{2ab883ca-a6f6-468f-97e0-de55ab44de68}</UniqueIdentifier>
    </Filter>
    <Filter Include="Engine\Source\Core\Private\Object">
      <UniqueIdentifier>{51427c90-2fbf-4c6a-94a8-533cf734a6e2}</UniqueIdentifier>
    </Filter>
    <Filter Include="Engine\Source\Core\Public">
      <UniqueIdentifier>{44835a44-4749-49d7-929b-5382c67143b4}</UniqueIdentifier>
    </Filter>
    <Filter Include="Engine\Source\Core\Public\Archive">
      <UniqueIdentifier>{e62afe00-c8f8-43f7-948e-abf5cb4c9818}</UniqueIdentifier>
    </Filter>
    <Filter Include="Engine\Source\Core\Public\Container">
      <UniqueIdentifier>{f2a95ec7-6a6a-4ac8-aa07-c5b33a486f7a}</UniqueIdentifier>
    </Filter>
    <Filter Include="Engine\Source\Core\Public\Math">
      <UniqueIdentifier>{d2d60e23-2113-4e35-9fac-78128ab0c992}</UniqueIdentifier>
    </Filter>
    <Filter Include="Engine\Source\Core\Public\Misc">
      <UniqueIdentifier>{e89b9b8d-45e3-40f7-b43c-6022355d8121}</UniqueIdentifier>
    </Filter>
    <Filter Include="Engine\Source\Core\Public\Object">
      <UniqueIdentifier>{0a193810-92e7-478e-b8fc-13675a19c0cc}</UniqueIdentifier>
    </Filter>
    <Filter Include="Engine\Source\Manager">
      <UniqueIdentifier>{5820551a-8969-47fe-9aca-e2530c2e90c1}</UniqueIdentifier>
    </Filter>
    <Filter Include="Engine\Source\Manager\Private">
      <UniqueIdentifier>{fc13a229-ddd6-48d4-9f20-8ae3c76ad653}</UniqueIdentifier>
    </Filter>
    <Filter Include="Engine\Source\Manager\Public">
      <UniqueIdentifier>{1fb47805-9222-45a5-a921-f2b207c51d7f}</UniqueIdentifier>
    </Filter>
    <Filter Include="Engine\Source\Physics">
      <UniqueIdentifier>{9b3ab93e-f729-47fa-acac-c8d14213d959}</UniqueIdentifier>
    </Filter>
    <Filter Include="Engine\Source\Physics\Private">
      <UniqueIdentifier>{78538d81-2262-4e0e-be45-e0e9b4a36c04}</UniqueIdentifier>
    </Filter>
    <Filter Include="Engine\Source\Physics\Public">
      <UniqueIdentifier>{db1a5af1-6339-4f5c-941b-33eab490ff43}</UniqueIdentifier>
    </Filter>
    <Filter Include="Engine\Source\ImGui">
      <UniqueIdentifier>{c44f2aae-0671-4cac-8bdc-9ed36f371a40}</UniqueIdentifier>
    </Filter>
  </ItemGroup>
  <ItemGroup>
    <ResourceCompile Include="Engine.rc">
      <Filter>Engine</Filter>
    </ResourceCompile>
  </ItemGroup>
</Project>