<?xml version="1.0" encoding="utf-8"?>
<Project ToolsVersion="4.0" xmlns="http://schemas.microsoft.com/developer/msbuild/2003">
  <ItemGroup>
    <FxCompile Include="Asset\Shader\HeightFogShader.hlsl">
      <Filter>Asset\Shader</Filter>
    </FxCompile>
    <FxCompile Include="Asset\Shader\SceneDepthShader.hlsl">
      <Filter>Asset\Shader</Filter>
    </FxCompile>
    <FxCompile Include="Asset\Shader\FXAAShader.hlsl">
      <Filter>Asset\Shader</Filter>
    </FxCompile>
    <FxCompile Include="Asset\Shader\TexturePS.hlsl">
      <Filter>Asset\Shader</Filter>
    </FxCompile>
    <FxCompile Include="Asset\Shader\BatchLineShader.hlsl">
      <Filter>Asset\Shader</Filter>
    </FxCompile>
    <FxCompile Include="Asset\Shader\TextureVS.hlsl">
      <Filter>Asset\Shader</Filter>
    </FxCompile>
    <FxCompile Include="Asset\Shader\DecalShader.hlsl">
      <Filter>Asset\Shader</Filter>
    </FxCompile>
    <FxCompile Include="Asset\Shader\SampleShader.hlsl">
      <Filter>Asset\Shader</Filter>
    </FxCompile>
    <FxCompile Include="Asset\Shader\ShaderFont.hlsl">
      <Filter>Asset\Shader</Filter>
    </FxCompile>
  </ItemGroup>
  <ItemGroup>
    <ClCompile Include="pch.cpp" />
    <ClCompile Include="main.cpp" />
    <ClCompile Include="Source\Asset\Private\Material.cpp">
      <Filter>Source\Asset\Private</Filter>
    </ClCompile>
    <ClCompile Include="Source\Asset\Private\ObjImporter.cpp">
      <Filter>Source\Asset\Private</Filter>
    </ClCompile>
    <ClCompile Include="Source\Asset\Private\ObjManager.cpp">
      <Filter>Source\Asset\Private</Filter>
    </ClCompile>
    <ClCompile Include="Source\Asset\Private\StaticMesh.cpp">
      <Filter>Source\Asset\Private</Filter>
    </ClCompile>
    <ClCompile Include="Source\Asset\Private\Texture.cpp">
      <Filter>Source\Asset\Private</Filter>
    </ClCompile>
    <ClCompile Include="Source\Asset\Private\TextureManager.cpp">
      <Filter>Source\Asset\Private</Filter>
    </ClCompile>
    <ClCompile Include="Source\Asset\Private\VertexDatas.cpp">
      <Filter>Source\Asset\Private</Filter>
    </ClCompile>
    <ClCompile Include="Source\Core\Private\Archive\Archive.cpp">
      <Filter>Source\Core\Private\Archive</Filter>
    </ClCompile>
    <ClCompile Include="Source\Core\Private\Archive\WindowsBinReader.cpp">
      <Filter>Source\Core\Private\Archive</Filter>
    </ClCompile>
    <ClCompile Include="Source\Core\Private\Archive\WindowsBinWriter.cpp">
      <Filter>Source\Core\Private\Archive</Filter>
    </ClCompile>
    <ClCompile Include="Source\Core\Private\Container\BVH.cpp">
      <Filter>Source\Core\Private\Container</Filter>
    </ClCompile>
    <ClCompile Include="Source\Core\Private\Container\Name.cpp">
      <Filter>Source\Core\Private\Container</Filter>
    </ClCompile>
    <ClCompile Include="Source\Core\Private\Container\Octree.cpp">
      <Filter>Source\Core\Private\Container</Filter>
    </ClCompile>
    <ClCompile Include="Source\Core\Private\Math\Matrix.cpp">
      <Filter>Source\Core\Private\Math</Filter>
    </ClCompile>
    <ClCompile Include="Source\Core\Private\Math\Quaternion.cpp">
      <Filter>Source\Core\Private\Math</Filter>
    </ClCompile>
    <ClCompile Include="Source\Core\Private\Math\Vector.cpp">
      <Filter>Source\Core\Private\Math</Filter>
    </ClCompile>
    <ClCompile Include="Source\Core\Private\Memory.cpp">
      <Filter>Source\Core\Private</Filter>
    </ClCompile>
    <ClCompile Include="Source\Core\Private\Misc\ScopeCycleCounter.cpp">
      <Filter>Source\Core\Private\Misc</Filter>
    </ClCompile>
    <ClCompile Include="Source\Core\Private\Misc\UELogParser.cpp">
      <Filter>Source\Core\Private\Misc</Filter>
    </ClCompile>
    <ClCompile Include="Source\Core\Private\Object\Class.cpp">
      <Filter>Source\Core\Private\Object</Filter>
    </ClCompile>
    <ClCompile Include="Source\Core\Private\Object\Object.cpp">
      <Filter>Source\Core\Private\Object</Filter>
    </ClCompile>
    <ClCompile Include="Source\Editor\Private\UI\ImGuiHelper.cpp">
      <Filter>Source\Editor\Private\UI</Filter>
    </ClCompile>
    <ClCompile Include="Source\Editor\Private\UI\StatOverlay.cpp">
      <Filter>Source\Editor\Private\UI</Filter>
    </ClCompile>
    <ClCompile Include="Source\Editor\Private\UI\UIWindowFactory.cpp">
      <Filter>Source\Editor\Private\UI</Filter>
    </ClCompile>
    <ClCompile Include="Source\Editor\Private\UI\Widget\ActorDetailWidget.cpp">
      <Filter>Source\Editor\Private\UI\Widget</Filter>
    </ClCompile>
    <ClCompile Include="Source\Editor\Private\UI\Widget\ActorSpawnWidget.cpp">
      <Filter>Source\Editor\Private\UI\Widget</Filter>
    </ClCompile>
    <ClCompile Include="Source\Editor\Private\UI\Widget\ActorTerminationWidget.cpp">
      <Filter>Source\Editor\Private\UI\Widget</Filter>
    </ClCompile>
    <ClCompile Include="Source\Editor\Private\UI\Widget\CameraControlWIdget.cpp">
      <Filter>Source\Editor\Private\UI\Widget</Filter>
    </ClCompile>
    <ClCompile Include="Source\Editor\Private\UI\Widget\Component\DecalTextureSelectionWidget.cpp">
      <Filter>Source\Editor\Private\UI\Widget\Component</Filter>
    </ClCompile>
    <ClCompile Include="Source\Editor\Private\UI\Widget\Component\HeightFogComponentWidget.cpp">
      <Filter>Source\Editor\Private\UI\Widget\Component</Filter>
    </ClCompile>
    <ClCompile Include="Source\Editor\Private\UI\Widget\Component\PointLightComponentWidget.cpp">
      <Filter>Source\Editor\Private\UI\Widget\Component</Filter>
    </ClCompile>
    <ClCompile Include="Source\Editor\Private\UI\Widget\Component\ProjectileMovementComponentWidget.cpp">
      <Filter>Source\Editor\Private\UI\Widget\Component</Filter>
    </ClCompile>
    <ClCompile Include="Source\Editor\Private\UI\Widget\Component\RotatingMovementComponentWidget.cpp">
      <Filter>Source\Editor\Private\UI\Widget\Component</Filter>
    </ClCompile>
    <ClCompile Include="Source\Editor\Private\UI\Widget\Component\SetTextComponentWidget.cpp">
      <Filter>Source\Editor\Private\UI\Widget\Component</Filter>
    </ClCompile>
    <ClCompile Include="Source\Editor\Private\UI\Widget\Component\StaticMeshComponentWidget.cpp">
      <Filter>Source\Editor\Private\UI\Widget\Component</Filter>
    </ClCompile>
    <ClCompile Include="Source\Editor\Private\UI\Widget\ConsoleWidget.cpp">
      <Filter>Source\Editor\Private\UI\Widget</Filter>
    </ClCompile>
    <ClCompile Include="Source\Editor\Private\UI\Widget\FPSWidget.cpp">
      <Filter>Source\Editor\Private\UI\Widget</Filter>
    </ClCompile>
    <ClCompile Include="Source\Editor\Private\UI\Widget\InputInformationWidget.cpp">
      <Filter>Source\Editor\Private\UI\Widget</Filter>
    </ClCompile>
    <ClCompile Include="Source\Editor\Private\UI\Widget\MainBarWidget.cpp">
      <Filter>Source\Editor\Private\UI\Widget</Filter>
    </ClCompile>
    <ClCompile Include="Source\Editor\Private\UI\Widget\SceneHierarchyWidget.cpp">
      <Filter>Source\Editor\Private\UI\Widget</Filter>
    </ClCompile>
    <ClCompile Include="Source\Editor\Private\UI\Widget\SceneIOWidget.cpp">
      <Filter>Source\Editor\Private\UI\Widget</Filter>
    </ClCompile>
    <ClCompile Include="Source\Editor\Private\UI\Widget\SplitterDebugWidget.cpp">
      <Filter>Source\Editor\Private\UI\Widget</Filter>
    </ClCompile>
    <ClCompile Include="Source\Editor\Private\UI\Widget\SpriteSelectionWidget.cpp">
      <Filter>Source\Editor\Private\UI\Widget</Filter>
    </ClCompile>
    <ClCompile Include="Source\Editor\Private\UI\Widget\ViewportMenuBarWidget.cpp">
      <Filter>Source\Editor\Private\UI\Widget</Filter>
    </ClCompile>
    <ClCompile Include="Source\Editor\Private\UI\Widget\Widget.cpp">
      <Filter>Source\Editor\Private\UI\Widget</Filter>
    </ClCompile>
    <ClCompile Include="Source\Editor\Private\UI\Window\ConsoleWindow.cpp">
      <Filter>Source\Editor\Private\UI\Window</Filter>
    </ClCompile>
    <ClCompile Include="Source\Editor\Private\UI\Window\ControlPanelWindow.cpp">
      <Filter>Source\Editor\Private\UI\Window</Filter>
    </ClCompile>
    <ClCompile Include="Source\Editor\Private\UI\Window\DetailWindow.cpp">
      <Filter>Source\Editor\Private\UI\Window</Filter>
    </ClCompile>
    <ClCompile Include="Source\Editor\Private\UI\Window\EditorWindow.cpp">
      <Filter>Source\Editor\Private\UI\Window</Filter>
    </ClCompile>
    <ClCompile Include="Source\Editor\Private\UI\Window\ExperimentalFeatureWindow.cpp">
      <Filter>Source\Editor\Private\UI\Window</Filter>
    </ClCompile>
    <ClCompile Include="Source\Editor\Private\UI\Window\MainMenuWindow.cpp">
      <Filter>Source\Editor\Private\UI\Window</Filter>
    </ClCompile>
    <ClCompile Include="Source\Editor\Private\UI\Window\OutlinerWindow.cpp">
      <Filter>Source\Editor\Private\UI\Window</Filter>
    </ClCompile>
    <ClCompile Include="Source\Editor\Private\UI\Window\UIWindow.cpp">
      <Filter>Source\Editor\Private\UI\Window</Filter>
    </ClCompile>
    <ClCompile Include="Source\Editor\Private\UI\Window\ViewportClientWindow.cpp">
      <Filter>Source\Editor\Private\UI\Window</Filter>
    </ClCompile>
    <ClCompile Include="Source\Manager\Private\AssetManager.cpp">
      <Filter>Source\Manager\Private</Filter>
    </ClCompile>
    <ClCompile Include="Source\Manager\Private\ConfigManager.cpp">
      <Filter>Source\Manager\Private</Filter>
    </ClCompile>
    <ClCompile Include="Source\Manager\Private\InputManager.cpp">
      <Filter>Source\Manager\Private</Filter>
    </ClCompile>
    <ClCompile Include="Source\Manager\Private\PathManager.cpp">
      <Filter>Source\Manager\Private</Filter>
    </ClCompile>
    <ClCompile Include="Source\Manager\Private\TimeManager.cpp">
      <Filter>Source\Manager\Private</Filter>
    </ClCompile>
    <ClCompile Include="Source\Manager\Private\UIManager.cpp">
      <Filter>Source\Manager\Private</Filter>
    </ClCompile>
    <ClCompile Include="Source\Renderer\Private\DeviceResources.cpp">
      <Filter>Source\Renderer\Private</Filter>
    </ClCompile>
    <ClCompile Include="Source\Renderer\Private\Optimization\OcclusionCuller.cpp">
      <Filter>Source\Renderer\Private\Optimization</Filter>
    </ClCompile>
    <ClCompile Include="Source\Renderer\Private\Optimization\ViewVolumeCuller.cpp">
      <Filter>Source\Renderer\Private\Optimization</Filter>
    </ClCompile>
    <ClCompile Include="Source\Renderer\Private\Pipeline.cpp">
      <Filter>Source\Renderer\Private</Filter>
    </ClCompile>
    <ClCompile Include="Source\Renderer\Private\Renderer.cpp">
      <Filter>Source\Renderer\Private</Filter>
    </ClCompile>
    <ClCompile Include="Source\Renderer\Private\RenderPass\BillboardPass.cpp">
      <Filter>Source\Renderer\Private\RenderPass</Filter>
    </ClCompile>
    <ClCompile Include="Source\Renderer\Private\RenderPass\DecalPass.cpp">
      <Filter>Source\Renderer\Private\RenderPass</Filter>
    </ClCompile>
    <ClCompile Include="Source\Renderer\Private\RenderPass\FogPass.cpp">
      <Filter>Source\Renderer\Private\RenderPass</Filter>
    </ClCompile>
    <ClCompile Include="Source\Renderer\Private\RenderPass\FXAAPass.cpp">
      <Filter>Source\Renderer\Private\RenderPass</Filter>
    </ClCompile>
    <ClCompile Include="Source\Renderer\Private\RenderPass\PointLightPass.cpp">
      <Filter>Source\Renderer\Private\RenderPass</Filter>
    </ClCompile>
    <ClCompile Include="Source\Renderer\Private\RenderPass\RenderPass.cpp">
      <Filter>Source\Renderer\Private\RenderPass</Filter>
    </ClCompile>
    <ClCompile Include="Source\Renderer\Private\RenderPass\SceneDepthPass.cpp">
      <Filter>Source\Renderer\Private\RenderPass</Filter>
    </ClCompile>
    <ClCompile Include="Source\Renderer\Private\RenderPass\StaticMeshPass.cpp">
      <Filter>Source\Renderer\Private\RenderPass</Filter>
    </ClCompile>
    <ClCompile Include="Source\Renderer\Private\RenderPass\TextPass.cpp">
      <Filter>Source\Renderer\Private\RenderPass</Filter>
    </ClCompile>
    <ClCompile Include="Source\Renderer\Private\RenderResourceFactory.cpp">
      <Filter>Source\Renderer\Private</Filter>
    </ClCompile>
    <ClCompile Include="Source\Scene\Private\Actor\Actor.cpp">
      <Filter>Source\Scene\Private\Actor</Filter>
    </ClCompile>
    <ClCompile Include="Source\Scene\Private\Actor\BillBoardActor.cpp">
      <Filter>Source\Scene\Private\Actor</Filter>
    </ClCompile>
    <ClCompile Include="Source\Scene\Private\Actor\CubeActor.cpp">
      <Filter>Source\Scene\Private\Actor</Filter>
    </ClCompile>
    <ClCompile Include="Source\Scene\Private\Actor\DecalActor.cpp">
      <Filter>Source\Scene\Private\Actor</Filter>
    </ClCompile>
    <ClCompile Include="Source\Scene\Private\Actor\DecalSpotLightActor.cpp">
      <Filter>Source\Scene\Private\Actor</Filter>
    </ClCompile>
    <ClCompile Include="Source\Scene\Private\Actor\HeightFogActor.cpp">
      <Filter>Source\Scene\Private\Actor</Filter>
    </ClCompile>
    <ClCompile Include="Source\Scene\Private\Actor\MovingCubeActor.cpp">
      <Filter>Source\Scene\Private\Actor</Filter>
    </ClCompile>
    <ClCompile Include="Source\Scene\Private\Actor\PointLightActor.cpp">
      <Filter>Source\Scene\Private\Actor</Filter>
    </ClCompile>
    <ClCompile Include="Source\Scene\Private\Actor\SphereActor.cpp">
      <Filter>Source\Scene\Private\Actor</Filter>
    </ClCompile>
    <ClCompile Include="Source\Scene\Private\Actor\StaticMeshActor.cpp">
      <Filter>Source\Scene\Private\Actor</Filter>
    </ClCompile>
    <ClCompile Include="Source\Scene\Private\Actor\TextActor.cpp">
      <Filter>Source\Scene\Private\Actor</Filter>
    </ClCompile>
    <ClCompile Include="Source\Scene\Private\Actor\TriangleActor.cpp">
      <Filter>Source\Scene\Private\Actor</Filter>
    </ClCompile>
    <ClCompile Include="Source\Scene\Private\Component\ActorComponent.cpp">
      <Filter>Source\Scene\Private\Component</Filter>
    </ClCompile>
    <ClCompile Include="Source\Scene\Private\Component\BillBoardComponent.cpp">
      <Filter>Source\Scene\Private\Component</Filter>
    </ClCompile>
    <ClCompile Include="Source\Scene\Private\Component\DecalComponent.cpp">
      <Filter>Source\Scene\Private\Component</Filter>
    </ClCompile>
    <ClCompile Include="Source\Scene\Private\Component\DecalSpotLightComponent.cpp">
      <Filter>Source\Scene\Private\Component</Filter>
    </ClCompile>
    <ClCompile Include="Source\Scene\Private\Component\HeightFogComponent.cpp">
      <Filter>Source\Scene\Private\Component</Filter>
    </ClCompile>
    <ClCompile Include="Source\Scene\Private\Component\LightComponentBase.cpp">
      <Filter>Source\Scene\Private\Component</Filter>
    </ClCompile>
    <ClCompile Include="Source\Scene\Private\Component\MeshComponent.cpp">
      <Filter>Source\Scene\Private\Component</Filter>
    </ClCompile>
    <ClCompile Include="Source\Scene\Private\Component\MovementComponent.cpp">
      <Filter>Source\Scene\Private\Component</Filter>
    </ClCompile>
    <ClCompile Include="Source\Scene\Private\Component\PointLightComponent.cpp">
      <Filter>Source\Scene\Private\Component</Filter>
    </ClCompile>
    <ClCompile Include="Source\Scene\Private\Component\PrimitiveComponent.cpp">
      <Filter>Source\Scene\Private\Component</Filter>
    </ClCompile>
    <ClCompile Include="Source\Scene\Private\Component\ProjectileMovementComponent.cpp">
      <Filter>Source\Scene\Private\Component</Filter>
    </ClCompile>
    <ClCompile Include="Source\Scene\Private\Component\RotatingMovementComponent.cpp">
      <Filter>Source\Scene\Private\Component</Filter>
    </ClCompile>
    <ClCompile Include="Source\Scene\Private\Component\SceneComponent.cpp">
      <Filter>Source\Scene\Private\Component</Filter>
    </ClCompile>
    <ClCompile Include="Source\Scene\Private\Component\StaticMeshComponent.cpp">
      <Filter>Source\Scene\Private\Component</Filter>
    </ClCompile>
    <ClCompile Include="Source\Scene\Private\Component\TextComponent.cpp">
      <Filter>Source\Scene\Private\Component</Filter>
    </ClCompile>
    <ClCompile Include="Source\Scene\Private\Component\UUIDTextComponent.cpp">
      <Filter>Source\Scene\Private\Component</Filter>
    </ClCompile>
    <ClCompile Include="Source\Scene\Private\Level\Level.cpp">
      <Filter>Source\Scene\Private\Level</Filter>
    </ClCompile>
    <ClCompile Include="Source\Scene\Private\Level\World.cpp">
      <Filter>Source\Scene\Private\Level</Filter>
    </ClCompile>
    <ClCompile Include="Source\Physics\Private\AABB.cpp">
      <Filter>Source\Physics\Private</Filter>
    </ClCompile>
    <ClCompile Include="Source\Physics\Private\BoundingSphere.cpp">
      <Filter>Source\Physics\Private</Filter>
    </ClCompile>
    <ClCompile Include="Source\Physics\Private\OBB.cpp">
      <Filter>Source\Physics\Private</Filter>
    </ClCompile>
    <ClCompile Include="Source\Core\Private\AppWindow.cpp">
      <Filter>Source\Core\Private</Filter>
    </ClCompile>
    <ClCompile Include="Source\Core\Private\ClientApp.cpp">
      <Filter>Source\Core\Private</Filter>
    </ClCompile>
    <ClCompile Include="Source\Editor\Private\EditorEngine.cpp">
      <Filter>Source\Editor\Private</Filter>
    </ClCompile>
    <ClCompile Include="Source\Editor\Private\SplitterWindow.cpp">
      <Filter>Source\Editor\Private</Filter>
    </ClCompile>
    <ClCompile Include="Source\Editor\Private\ViewportClient.cpp">
      <Filter>Source\Editor\Private</Filter>
    </ClCompile>
    <ClCompile Include="Source\Editor\Private\Viewport.cpp">
      <Filter>Source\Editor\Private</Filter>
    </ClCompile>
    <ClCompile Include="Source\Editor\Private\Axis.cpp">
      <Filter>Source\Editor\Private</Filter>
    </ClCompile>
    <ClCompile Include="Source\Editor\Private\BatchLines.cpp">
      <Filter>Source\Editor\Private</Filter>
    </ClCompile>
    <ClCompile Include="Source\Editor\Private\BoundingBoxLines.cpp">
      <Filter>Source\Editor\Private</Filter>
    </ClCompile>
    <ClCompile Include="Source\Editor\Private\Camera.cpp">
      <Filter>Source\Editor\Private</Filter>
    </ClCompile>
    <ClCompile Include="Source\Editor\Private\Editor.cpp">
      <Filter>Source\Editor\Private</Filter>
    </ClCompile>
    <ClCompile Include="Source\Editor\Private\Gizmo.cpp">
      <Filter>Source\Editor\Private</Filter>
    </ClCompile>
    <ClCompile Include="Source\Editor\Private\Grid.cpp">
      <Filter>Source\Editor\Private</Filter>
    </ClCompile>
    <ClCompile Include="Source\Editor\Private\ObjectPicker.cpp">
      <Filter>Source\Editor\Private</Filter>
    </ClCompile>
    <ClCompile Include="Source\ImGui\imgui.cpp">
      <Filter>Source\ImGui</Filter>
    </ClCompile>
    <ClCompile Include="Source\ImGui\imgui_demo.cpp">
      <Filter>Source\ImGui</Filter>
    </ClCompile>
    <ClCompile Include="Source\ImGui\imgui_draw.cpp">
      <Filter>Source\ImGui</Filter>
    </ClCompile>
    <ClCompile Include="Source\ImGui\imgui_impl_dx11.cpp">
      <Filter>Source\ImGui</Filter>
    </ClCompile>
    <ClCompile Include="Source\ImGui\imgui_impl_win32.cpp">
      <Filter>Source\ImGui</Filter>
    </ClCompile>
    <ClCompile Include="Source\ImGui\imgui_tables.cpp">
      <Filter>Source\ImGui</Filter>
    </ClCompile>
    <ClCompile Include="Source\ImGui\imgui_widgets.cpp">
      <Filter>Source\ImGui</Filter>
    </ClCompile>
    <ClCompile Include="Source\Scene\Private\Component\LightComponent.cpp">
      <Filter>Source\Scene\Private\Component</Filter>
    </ClCompile>
  </ItemGroup>
  <ItemGroup>
    <ClInclude Include="pch.h" />
    <ClInclude Include="Source\Asset\Public\JsonSerializer.h">
      <Filter>Source\Asset\Public</Filter>
    </ClInclude>
    <ClInclude Include="Source\Asset\Public\Material.h">
      <Filter>Source\Asset\Public</Filter>
    </ClInclude>
    <ClInclude Include="Source\Asset\Public\ObjImporter.h">
      <Filter>Source\Asset\Public</Filter>
    </ClInclude>
    <ClInclude Include="Source\Asset\Public\ObjManager.h">
      <Filter>Source\Asset\Public</Filter>
    </ClInclude>
    <ClInclude Include="Source\Asset\Public\StaticMesh.h">
      <Filter>Source\Asset\Public</Filter>
    </ClInclude>
    <ClInclude Include="Source\Asset\Public\Texture.h">
      <Filter>Source\Asset\Public</Filter>
    </ClInclude>
    <ClInclude Include="Source\Asset\Public\TextureManager.h">
      <Filter>Source\Asset\Public</Filter>
    </ClInclude>
    <ClInclude Include="Source\Asset\Public\TextureRenderProxy.h">
      <Filter>Source\Asset\Public</Filter>
    </ClInclude>
    <ClInclude Include="Source\Asset\Public\VertexDatas.h">
      <Filter>Source\Asset\Public</Filter>
    </ClInclude>
    <ClInclude Include="Source\Core\Public\Archive\Archive.h">
      <Filter>Source\Core\Public\Archive</Filter>
    </ClInclude>
    <ClInclude Include="Source\Core\Public\Archive\WindowsBinReader.h">
      <Filter>Source\Core\Public\Archive</Filter>
    </ClInclude>
    <ClInclude Include="Source\Core\Public\Archive\WindowsBinWriter.h">
      <Filter>Source\Core\Public\Archive</Filter>
    </ClInclude>
    <ClInclude Include="Source\Core\Public\Container\BVH.h">
      <Filter>Source\Core\Public\Container</Filter>
    </ClInclude>
    <ClInclude Include="Source\Core\Public\Container\Name.h">
      <Filter>Source\Core\Public\Container</Filter>
    </ClInclude>
    <ClInclude Include="Source\Core\Public\Container\Octree.h">
      <Filter>Source\Core\Public\Container</Filter>
    </ClInclude>
    <ClInclude Include="Source\Core\Public\CoreTypes.h">
      <Filter>Source\Core\Public</Filter>
    </ClInclude>
    <ClInclude Include="Source\Core\Public\Math\Matrix.h">
      <Filter>Source\Core\Public\Math</Filter>
    </ClInclude>
    <ClInclude Include="Source\Core\Public\Math\Quaternion.h">
      <Filter>Source\Core\Public\Math</Filter>
    </ClInclude>
    <ClInclude Include="Source\Core\Public\Math\Vector.h">
      <Filter>Source\Core\Public\Math</Filter>
    </ClInclude>
    <ClInclude Include="Source\Core\Public\Memory.h">
      <Filter>Source\Core\Public</Filter>
    </ClInclude>
    <ClInclude Include="Source\Core\Public\Misc\Constant.h">
      <Filter>Source\Core\Public\Misc</Filter>
    </ClInclude>
    <ClInclude Include="Source\Core\Public\Misc\Enum.h">
      <Filter>Source\Core\Public\Misc</Filter>
    </ClInclude>
    <ClInclude Include="Source\Core\Public\Misc\EnumReflection.h">
      <Filter>Source\Core\Public\Misc</Filter>
    </ClInclude>
    <ClInclude Include="Source\Core\Public\Misc\Function.h">
      <Filter>Source\Core\Public\Misc</Filter>
    </ClInclude>
    <ClInclude Include="Source\Core\Public\Misc\Macro.h">
      <Filter>Source\Core\Public\Misc</Filter>
    </ClInclude>
    <ClInclude Include="Source\Core\Public\Misc\ScopeCycleCounter.h">
      <Filter>Source\Core\Public\Misc</Filter>
    </ClInclude>
    <ClInclude Include="Source\Core\Public\Misc\UELogParser.h">
      <Filter>Source\Core\Public\Misc</Filter>
    </ClInclude>
    <ClInclude Include="Source\Core\Public\Object\Class.h">
      <Filter>Source\Core\Public\Object</Filter>
    </ClInclude>
    <ClInclude Include="Source\Core\Public\Object\NewObject.h">
      <Filter>Source\Core\Public\Object</Filter>
    </ClInclude>
    <ClInclude Include="Source\Core\Public\Object\Object.h">
      <Filter>Source\Core\Public\Object</Filter>
    </ClInclude>
    <ClInclude Include="Source\Core\Public\Object\ObjectIterator.h">
      <Filter>Source\Core\Public\Object</Filter>
    </ClInclude>
    <ClInclude Include="Source\Core\Public\Types.h">
      <Filter>Source\Core\Public</Filter>
    </ClInclude>
    <ClInclude Include="Source\Editor\Public\UI\ImGuiHelper.h">
      <Filter>Source\Editor\Public\UI</Filter>
    </ClInclude>
    <ClInclude Include="Source\Editor\Public\UI\StatOverlay.h">
      <Filter>Source\Editor\Public\UI</Filter>
    </ClInclude>
    <ClInclude Include="Source\Editor\Public\UI\UIWindowFactory.h">
      <Filter>Source\Editor\Public\UI</Filter>
    </ClInclude>
    <ClInclude Include="Source\Editor\Public\UI\Widget\ActorDetailWidget.h">
      <Filter>Source\Editor\Public\UI\Widget</Filter>
    </ClInclude>
    <ClInclude Include="Source\Editor\Public\UI\Widget\ActorSpawnWidget.h">
      <Filter>Source\Editor\Public\UI\Widget</Filter>
    </ClInclude>
    <ClInclude Include="Source\Editor\Public\UI\Widget\ActorTerminationWidget.h">
      <Filter>Source\Editor\Public\UI\Widget</Filter>
    </ClInclude>
    <ClInclude Include="Source\Editor\Public\UI\Widget\CameraControlWidget.h">
      <Filter>Source\Editor\Public\UI\Widget</Filter>
    </ClInclude>
    <ClInclude Include="Source\Editor\Public\UI\Widget\Component\DecalTextureSelectionWidget.h">
      <Filter>Source\Editor\Public\UI\Widget\Component</Filter>
    </ClInclude>
    <ClInclude Include="Source\Editor\Public\UI\Widget\Component\HeightFogComponentWidget.h">
      <Filter>Source\Editor\Public\UI\Widget\Component</Filter>
    </ClInclude>
    <ClInclude Include="Source\Editor\Public\UI\Widget\Component\PointLightComponentWidget.h">
      <Filter>Source\Editor\Public\UI\Widget\Component</Filter>
    </ClInclude>
    <ClInclude Include="Source\Editor\Public\UI\Widget\Component\ProjectileMovementComponentWidget.h">
      <Filter>Source\Editor\Public\UI\Widget\Component</Filter>
    </ClInclude>
    <ClInclude Include="Source\Editor\Public\UI\Widget\Component\RotatingMovementComponentWidget.h">
      <Filter>Source\Editor\Public\UI\Widget\Component</Filter>
    </ClInclude>
    <ClInclude Include="Source\Editor\Public\UI\Widget\Component\SetTextComponentWidget.h">
      <Filter>Source\Editor\Public\UI\Widget\Component</Filter>
    </ClInclude>
    <ClInclude Include="Source\Editor\Public\UI\Widget\Component\StaticMeshComponentWidget.h">
      <Filter>Source\Editor\Public\UI\Widget\Component</Filter>
    </ClInclude>
    <ClInclude Include="Source\Editor\Public\UI\Widget\ConsoleWidget.h">
      <Filter>Source\Editor\Public\UI\Widget</Filter>
    </ClInclude>
    <ClInclude Include="Source\Editor\Public\UI\Widget\FPSWidget.h">
      <Filter>Source\Editor\Public\UI\Widget</Filter>
    </ClInclude>
    <ClInclude Include="Source\Editor\Public\UI\Widget\InputInformationWidget.h">
      <Filter>Source\Editor\Public\UI\Widget</Filter>
    </ClInclude>
    <ClInclude Include="Source\Editor\Public\UI\Widget\MainBarWidget.h">
      <Filter>Source\Editor\Public\UI\Widget</Filter>
    </ClInclude>
    <ClInclude Include="Source\Editor\Public\UI\Widget\SceneHierarchyWidget.h">
      <Filter>Source\Editor\Public\UI\Widget</Filter>
    </ClInclude>
    <ClInclude Include="Source\Editor\Public\UI\Widget\SceneIOWidget.h">
      <Filter>Source\Editor\Public\UI\Widget</Filter>
    </ClInclude>
    <ClInclude Include="Source\Editor\Public\UI\Widget\SplitterDebugWidget.h">
      <Filter>Source\Editor\Public\UI\Widget</Filter>
    </ClInclude>
    <ClInclude Include="Source\Editor\Public\UI\Widget\SpriteSelectionWidget.h">
      <Filter>Source\Editor\Public\UI\Widget</Filter>
    </ClInclude>
    <ClInclude Include="Source\Editor\Public\UI\Widget\ViewportMenuBarWidget.h">
      <Filter>Source\Editor\Public\UI\Widget</Filter>
    </ClInclude>
    <ClInclude Include="Source\Editor\Public\UI\Widget\Widget.h">
      <Filter>Source\Editor\Public\UI\Widget</Filter>
    </ClInclude>
    <ClInclude Include="Source\Editor\Public\UI\Window\ConsoleWindow.h">
      <Filter>Source\Editor\Public\UI\Window</Filter>
    </ClInclude>
    <ClInclude Include="Source\Editor\Public\UI\Window\ControlPanelWindow.h">
      <Filter>Source\Editor\Public\UI\Window</Filter>
    </ClInclude>
    <ClInclude Include="Source\Editor\Public\UI\Window\DetailWindow.h">
      <Filter>Source\Editor\Public\UI\Window</Filter>
    </ClInclude>
    <ClInclude Include="Source\Editor\Public\UI\Window\EditorWindow.h">
      <Filter>Source\Editor\Public\UI\Window</Filter>
    </ClInclude>
    <ClInclude Include="Source\Editor\Public\UI\Window\ExperimentalFeatureWindow.h">
      <Filter>Source\Editor\Public\UI\Window</Filter>
    </ClInclude>
    <ClInclude Include="Source\Editor\Public\UI\Window\MainMenuWindow.h">
      <Filter>Source\Editor\Public\UI\Window</Filter>
    </ClInclude>
    <ClInclude Include="Source\Editor\Public\UI\Window\OutlinerWindow.h">
      <Filter>Source\Editor\Public\UI\Window</Filter>
    </ClInclude>
    <ClInclude Include="Source\Editor\Public\UI\Window\UIWindow.h">
      <Filter>Source\Editor\Public\UI\Window</Filter>
    </ClInclude>
    <ClInclude Include="Source\Editor\Public\UI\Window\ViewportClientWindow.h">
      <Filter>Source\Editor\Public\UI\Window</Filter>
    </ClInclude>
    <ClInclude Include="Source\Manager\Public\AssetManager.h">
      <Filter>Source\Manager\Public</Filter>
    </ClInclude>
    <ClInclude Include="Source\Manager\Public\ConfigManager.h">
      <Filter>Source\Manager\Public</Filter>
    </ClInclude>
    <ClInclude Include="Source\Manager\Public\InputManager.h">
      <Filter>Source\Manager\Public</Filter>
    </ClInclude>
    <ClInclude Include="Source\Manager\Public\PathManager.h">
      <Filter>Source\Manager\Public</Filter>
    </ClInclude>
    <ClInclude Include="Source\Manager\Public\TimeManager.h">
      <Filter>Source\Manager\Public</Filter>
    </ClInclude>
    <ClInclude Include="Source\Manager\Public\UIManager.h">
      <Filter>Source\Manager\Public</Filter>
    </ClInclude>
    <ClInclude Include="Source\Renderer\Public\DeviceResources.h">
      <Filter>Source\Renderer\Public</Filter>
    </ClInclude>
    <ClInclude Include="Source\Renderer\Public\Optimization\OcclusionCuller.h">
      <Filter>Source\Renderer\Public\Optimization</Filter>
    </ClInclude>
    <ClInclude Include="Source\Renderer\Public\Optimization\ViewVolumeCuller.h">
      <Filter>Source\Renderer\Public\Optimization</Filter>
    </ClInclude>
    <ClInclude Include="Source\Renderer\Public\Pipeline.h">
      <Filter>Source\Renderer\Public</Filter>
    </ClInclude>
    <ClInclude Include="Source\Renderer\Public\Renderer.h">
      <Filter>Source\Renderer\Public</Filter>
    </ClInclude>
    <ClInclude Include="Source\Renderer\Public\RenderPass\BillboardPass.h">
      <Filter>Source\Renderer\Public\RenderPass</Filter>
    </ClInclude>
    <ClInclude Include="Source\Renderer\Public\RenderPass\DecalPass.h">
      <Filter>Source\Renderer\Public\RenderPass</Filter>
    </ClInclude>
    <ClInclude Include="Source\Renderer\Public\RenderPass\FogPass.h">
      <Filter>Source\Renderer\Public\RenderPass</Filter>
    </ClInclude>
    <ClInclude Include="Source\Renderer\Public\RenderPass\FXAAPass.h">
      <Filter>Source\Renderer\Public\RenderPass</Filter>
    </ClInclude>
    <ClInclude Include="Source\Renderer\Public\RenderPass\PointLightPass.h">
      <Filter>Source\Renderer\Public\RenderPass</Filter>
    </ClInclude>
    <ClInclude Include="Source\Renderer\Public\RenderPass\RenderingContext.h">
      <Filter>Source\Renderer\Public\RenderPass</Filter>
    </ClInclude>
    <ClInclude Include="Source\Renderer\Public\RenderPass\RenderPass.h">
      <Filter>Source\Renderer\Public\RenderPass</Filter>
    </ClInclude>
    <ClInclude Include="Source\Renderer\Public\RenderPass\SceneDepthPass.h">
      <Filter>Source\Renderer\Public\RenderPass</Filter>
    </ClInclude>
    <ClInclude Include="Source\Renderer\Public\RenderPass\StaticMeshPass.h">
      <Filter>Source\Renderer\Public\RenderPass</Filter>
    </ClInclude>
    <ClInclude Include="Source\Renderer\Public\RenderPass\TextPass.h">
      <Filter>Source\Renderer\Public\RenderPass</Filter>
    </ClInclude>
    <ClInclude Include="Source\Renderer\Public\RenderResourceFactory.h">
      <Filter>Source\Renderer\Public</Filter>
    </ClInclude>
    <ClInclude Include="Source\Scene\Public\Actor\Actor.h">
      <Filter>Source\Scene\Public\Actor</Filter>
    </ClInclude>
    <ClInclude Include="Source\Scene\Public\Actor\BillBoardActor.h">
      <Filter>Source\Scene\Public\Actor</Filter>
    </ClInclude>
    <ClInclude Include="Source\Scene\Public\Actor\CubeActor.h">
      <Filter>Source\Scene\Public\Actor</Filter>
    </ClInclude>
    <ClInclude Include="Source\Scene\Public\Actor\DecalActor.h">
      <Filter>Source\Scene\Public\Actor</Filter>
    </ClInclude>
    <ClInclude Include="Source\Scene\Public\Actor\DecalSpotLightActor.h">
      <Filter>Source\Scene\Public\Actor</Filter>
    </ClInclude>
    <ClInclude Include="Source\Scene\Public\Actor\HeightFogActor.h">
      <Filter>Source\Scene\Public\Actor</Filter>
    </ClInclude>
    <ClInclude Include="Source\Scene\Public\Actor\MovingCubeActor.h">
      <Filter>Source\Scene\Public\Actor</Filter>
    </ClInclude>
    <ClInclude Include="Source\Scene\Public\Actor\PointLightActor.h">
      <Filter>Source\Scene\Public\Actor</Filter>
    </ClInclude>
    <ClInclude Include="Source\Scene\Public\Actor\SphereActor.h">
      <Filter>Source\Scene\Public\Actor</Filter>
    </ClInclude>
    <ClInclude Include="Source\Scene\Public\Actor\StaticMeshActor.h">
      <Filter>Source\Scene\Public\Actor</Filter>
    </ClInclude>
    <ClInclude Include="Source\Scene\Public\Actor\TextActor.h">
      <Filter>Source\Scene\Public\Actor</Filter>
    </ClInclude>
    <ClInclude Include="Source\Scene\Public\Actor\TriangleActor.h">
      <Filter>Source\Scene\Public\Actor</Filter>
    </ClInclude>
    <ClInclude Include="Source\Scene\Public\Component\ActorComponent.h">
      <Filter>Source\Scene\Public\Component</Filter>
    </ClInclude>
    <ClInclude Include="Source\Scene\Public\Component\BillBoardComponent.h">
      <Filter>Source\Scene\Public\Component</Filter>
    </ClInclude>
    <ClInclude Include="Source\Scene\Public\Component\DecalComponent.h">
      <Filter>Source\Scene\Public\Component</Filter>
    </ClInclude>
    <ClInclude Include="Source\Scene\Public\Component\DecalSpotLightComponent.h">
      <Filter>Source\Scene\Public\Component</Filter>
    </ClInclude>
    <ClInclude Include="Source\Scene\Public\Component\HeightFogComponent.h">
      <Filter>Source\Scene\Public\Component</Filter>
    </ClInclude>
    <ClInclude Include="Source\Scene\Public\Component\LightComponentBase.h">
      <Filter>Source\Scene\Public\Component</Filter>
    </ClInclude>
    <ClInclude Include="Source\Scene\Public\Component\MeshComponent.h">
      <Filter>Source\Scene\Public\Component</Filter>
    </ClInclude>
    <ClInclude Include="Source\Scene\Public\Component\MovementComponent.h">
      <Filter>Source\Scene\Public\Component</Filter>
    </ClInclude>
    <ClInclude Include="Source\Scene\Public\Component\PointLightComponent.h">
      <Filter>Source\Scene\Public\Component</Filter>
    </ClInclude>
    <ClInclude Include="Source\Scene\Public\Component\PrimitiveComponent.h">
      <Filter>Source\Scene\Public\Component</Filter>
    </ClInclude>
    <ClInclude Include="Source\Scene\Public\Component\ProjectileMovementComponent.h">
      <Filter>Source\Scene\Public\Component</Filter>
    </ClInclude>
    <ClInclude Include="Source\Scene\Public\Component\RotatingMovementComponent.h">
      <Filter>Source\Scene\Public\Component</Filter>
    </ClInclude>
    <ClInclude Include="Source\Scene\Public\Component\SceneComponent.h">
      <Filter>Source\Scene\Public\Component</Filter>
    </ClInclude>
    <ClInclude Include="Source\Scene\Public\Component\StaticMeshComponent.h">
      <Filter>Source\Scene\Public\Component</Filter>
    </ClInclude>
    <ClInclude Include="Source\Scene\Public\Component\TextComponent.h">
      <Filter>Source\Scene\Public\Component</Filter>
    </ClInclude>
    <ClInclude Include="Source\Scene\Public\Component\UUIDTextComponent.h">
      <Filter>Source\Scene\Public\Component</Filter>
    </ClInclude>
    <ClInclude Include="Source\Scene\Public\Level\Level.h">
      <Filter>Source\Scene\Public\Level</Filter>
    </ClInclude>
    <ClInclude Include="Source\Scene\Public\Level\World.h">
      <Filter>Source\Scene\Public\Level</Filter>
    </ClInclude>
    <ClInclude Include="Source\Physics\Public\AABB.h">
      <Filter>Source\Physics\Public</Filter>
    </ClInclude>
    <ClInclude Include="Source\Physics\Public\BoundingSphere.h">
      <Filter>Source\Physics\Public</Filter>
    </ClInclude>
    <ClInclude Include="Source\Physics\Public\BoundingVolume.h">
      <Filter>Source\Physics\Public</Filter>
    </ClInclude>
    <ClInclude Include="Source\Physics\Public\OBB.h">
      <Filter>Source\Physics\Public</Filter>
    </ClInclude>
    <ClInclude Include="Source\Core\Public\EngineStatics.h">
      <Filter>Source\Core\Public</Filter>
    </ClInclude>
    <ClInclude Include="Source\Core\Public\AppWindow.h">
      <Filter>Source\Core\Public</Filter>
    </ClInclude>
    <ClInclude Include="Source\Core\Public\ClientApp.h">
      <Filter>Source\Core\Public</Filter>
    </ClInclude>
    <ClInclude Include="Source\Core\Public\resource.h">
      <Filter>Source\Core\Public</Filter>
    </ClInclude>
    <ClInclude Include="Source\Editor\Public\EditorEngine.h">
      <Filter>Source\Editor\Public</Filter>
    </ClInclude>
    <ClInclude Include="Source\Editor\Public\SplitterWindow.h">
      <Filter>Source\Editor\Public</Filter>
    </ClInclude>
    <ClInclude Include="Source\Editor\Public\ViewportClient.h">
      <Filter>Source\Editor\Public</Filter>
    </ClInclude>
    <ClInclude Include="Source\Editor\Public\Viewport.h">
      <Filter>Source\Editor\Public</Filter>
    </ClInclude>
    <ClInclude Include="Source\Editor\Public\Axis.h">
      <Filter>Source\Editor\Public</Filter>
    </ClInclude>
    <ClInclude Include="Source\Editor\Public\BatchLines.h">
      <Filter>Source\Editor\Public</Filter>
    </ClInclude>
    <ClInclude Include="Source\Editor\Public\BoundingBoxLines.h">
      <Filter>Source\Editor\Public</Filter>
    </ClInclude>
    <ClInclude Include="Source\Editor\Public\Camera.h">
      <Filter>Source\Editor\Public</Filter>
    </ClInclude>
    <ClInclude Include="Source\Editor\Public\Editor.h">
      <Filter>Source\Editor\Public</Filter>
    </ClInclude>
    <ClInclude Include="Source\Editor\Public\EditorPrimitive.h">
      <Filter>Source\Editor\Public</Filter>
    </ClInclude>
    <ClInclude Include="Source\Editor\Public\Gizmo.h">
      <Filter>Source\Editor\Public</Filter>
    </ClInclude>
    <ClInclude Include="Source\Editor\Public\Grid.h">
      <Filter>Source\Editor\Public</Filter>
    </ClInclude>
    <ClInclude Include="Source\Editor\Public\ObjectPicker.h">
      <Filter>Source\Editor\Public</Filter>
    </ClInclude>
    <ClInclude Include="Source\ImGui\imconfig.h">
      <Filter>Source\ImGui</Filter>
    </ClInclude>
    <ClInclude Include="Source\ImGui\imgui.h">
      <Filter>Source\ImGui</Filter>
    </ClInclude>
    <ClInclude Include="Source\ImGui\imgui_impl_dx11.h">
      <Filter>Source\ImGui</Filter>
    </ClInclude>
    <ClInclude Include="Source\ImGui\imgui_impl_win32.h">
      <Filter>Source\ImGui</Filter>
    </ClInclude>
    <ClInclude Include="Source\ImGui\imgui_internal.h">
      <Filter>Source\ImGui</Filter>
    </ClInclude>
    <ClInclude Include="Source\ImGui\imstb_rectpack.h">
      <Filter>Source\ImGui</Filter>
    </ClInclude>
    <ClInclude Include="Source\ImGui\imstb_textedit.h">
      <Filter>Source\ImGui</Filter>
    </ClInclude>
    <ClInclude Include="Source\ImGui\imstb_truetype.h">
      <Filter>Source\ImGui</Filter>
    </ClInclude>
    <ClInclude Include="Source\Scene\Public\Component\LightComponent.h">
      <Filter>Source\Scene\Public\Component</Filter>
    </ClInclude>
  </ItemGroup>
  <ItemGroup>
    <Filter Include="Asset">
      <UniqueIdentifier>{902af95f-b3ee-40fb-b976-655ca3c710d9}</UniqueIdentifier>
    </Filter>
    <Filter Include="Asset\Shader">
      <UniqueIdentifier>{3238e8d3-17ee-4bb8-b7d7-f4482df5d42a}</UniqueIdentifier>
    </Filter>
    <Filter Include="Source">
      <UniqueIdentifier>{7140c3aa-7099-410a-8ed9-b4fd8d6b3372}</UniqueIdentifier>
    </Filter>
    <Filter Include="Source\Asset">
      <UniqueIdentifier>{ee24a1e5-eb8e-4cb4-9dee-e1129f3cd531}</UniqueIdentifier>
    </Filter>
    <Filter Include="Source\Asset\Private">
      <UniqueIdentifier>{8ce63a24-e307-41ea-be8d-3c0777ebfda8}</UniqueIdentifier>
    </Filter>
    <Filter Include="Source\Core">
      <UniqueIdentifier>{0a201479-05a8-4f1b-8613-6e4d5d6ab39f}</UniqueIdentifier>
    </Filter>
    <Filter Include="Source\Core\Private">
      <UniqueIdentifier>{12692dd5-6155-4e53-b75e-8b6c58d762b1}</UniqueIdentifier>
    </Filter>
    <Filter Include="Source\Core\Private\Archive">
      <UniqueIdentifier>{cbb9ecae-b2c2-4bde-b839-c086f004f618}</UniqueIdentifier>
    </Filter>
    <Filter Include="Source\Core\Private\Container">
      <UniqueIdentifier>{82bb5a18-5d31-4422-8504-d2244bc69be3}</UniqueIdentifier>
    </Filter>
    <Filter Include="Source\Core\Private\Math">
      <UniqueIdentifier>{146d5045-8341-4129-a344-30d24834b6ef}</UniqueIdentifier>
    </Filter>
    <Filter Include="Source\Core\Private\Misc">
      <UniqueIdentifier>{1c9a868b-43ce-4c2b-bda4-81621826ce2a}</UniqueIdentifier>
    </Filter>
    <Filter Include="Source\Core\Private\Object">
      <UniqueIdentifier>{311a33c0-5ca8-4236-8f2b-c2bdedf9ff57}</UniqueIdentifier>
    </Filter>
    <Filter Include="Source\Editor">
      <UniqueIdentifier>{fe059022-deb7-443a-ae61-52f211e5b591}</UniqueIdentifier>
    </Filter>
    <Filter Include="Source\Editor\Private">
      <UniqueIdentifier>{bddf3007-5d4a-47ee-b6c9-44179e5124cf}</UniqueIdentifier>
    </Filter>
    <Filter Include="Source\Editor\Private\UI">
      <UniqueIdentifier>{cd95b0f3-92ea-47ad-aa9f-4dfd99a9b0b6}</UniqueIdentifier>
    </Filter>
    <Filter Include="Source\Editor\Private\UI\Widget">
      <UniqueIdentifier>{ebe3200e-583b-49ce-abe3-59c9e67e2122}</UniqueIdentifier>
    </Filter>
    <Filter Include="Source\Editor\Private\UI\Widget\Component">
      <UniqueIdentifier>{48e9351d-7458-4d4c-bfa9-5868ff0b0591}</UniqueIdentifier>
    </Filter>
    <Filter Include="Source\Editor\Private\UI\Window">
      <UniqueIdentifier>{55f57c8b-5503-4958-90b6-7649946f21e5}</UniqueIdentifier>
    </Filter>
    <Filter Include="Source\Manager">
      <UniqueIdentifier>{09e424ef-5343-4016-89cb-221cd19cff65}</UniqueIdentifier>
    </Filter>
    <Filter Include="Source\Manager\Private">
      <UniqueIdentifier>{470e949a-7c66-4aaa-942d-0802b34a5700}</UniqueIdentifier>
    </Filter>
    <Filter Include="Source\Renderer">
      <UniqueIdentifier>{bc296dc3-f2c1-4b1e-9664-6f73f441807e}</UniqueIdentifier>
    </Filter>
    <Filter Include="Source\Renderer\Private">
      <UniqueIdentifier>{59094044-a82c-43f8-afc2-8434514ccf46}</UniqueIdentifier>
    </Filter>
    <Filter Include="Source\Renderer\Private\Optimization">
      <UniqueIdentifier>{278adc71-c469-4747-888a-8439221d946a}</UniqueIdentifier>
    </Filter>
    <Filter Include="Source\Renderer\Private\RenderPass">
      <UniqueIdentifier>{6dd25262-16e8-47e0-97c3-c02a7340156c}</UniqueIdentifier>
    </Filter>
    <Filter Include="Source\Scene">
      <UniqueIdentifier>{0b9da944-8b30-437e-821b-3f12340bf7e5}</UniqueIdentifier>
    </Filter>
    <Filter Include="Source\Scene\Private">
      <UniqueIdentifier>{257baffc-c587-4392-908c-dcef2f8b2268}</UniqueIdentifier>
    </Filter>
    <Filter Include="Source\Scene\Private\Actor">
      <UniqueIdentifier>{bd260e1d-7792-4c61-bd10-7f9aaad33b27}</UniqueIdentifier>
    </Filter>
    <Filter Include="Source\Scene\Private\Component">
      <UniqueIdentifier>{ce3823dc-f5e4-4b7d-8132-a375aa15f5e3}</UniqueIdentifier>
    </Filter>
    <Filter Include="Source\Scene\Private\Level">
      <UniqueIdentifier>{92d2fde2-d496-46e8-b914-0cc50a4d5a97}</UniqueIdentifier>
    </Filter>
    <Filter Include="Source\Asset\Public">
      <UniqueIdentifier>{7796f22d-625e-4645-ae31-a6b5feae9f3d}</UniqueIdentifier>
    </Filter>
    <Filter Include="Source\Core\Public">
      <UniqueIdentifier>{53993fea-416d-4b81-91cc-5b0a66e9d852}</UniqueIdentifier>
    </Filter>
    <Filter Include="Source\Core\Public\Archive">
      <UniqueIdentifier>{e0d380ef-7827-474e-bc94-241bb7c05d68}</UniqueIdentifier>
    </Filter>
    <Filter Include="Source\Core\Public\Container">
      <UniqueIdentifier>{e31cc1fd-9307-4bcd-938d-f0cf3143c8d5}</UniqueIdentifier>
    </Filter>
    <Filter Include="Source\Core\Public\Math">
      <UniqueIdentifier>{a8737c8e-a88a-4d6e-a401-18d5502d598f}</UniqueIdentifier>
    </Filter>
    <Filter Include="Source\Core\Public\Misc">
      <UniqueIdentifier>{79bb1c4b-ae16-4854-8664-f1c9cfc4155d}</UniqueIdentifier>
    </Filter>
    <Filter Include="Source\Core\Public\Object">
      <UniqueIdentifier>{70d48f22-3adf-430b-8916-7a64335692d3}</UniqueIdentifier>
    </Filter>
    <Filter Include="Source\Editor\Public">
      <UniqueIdentifier>{ca02a7c2-6327-4396-9155-72d4f5700b4a}</UniqueIdentifier>
    </Filter>
    <Filter Include="Source\Editor\Public\UI">
      <UniqueIdentifier>{468b90a7-f6ec-434d-af94-be5fe7882401}</UniqueIdentifier>
    </Filter>
    <Filter Include="Source\Editor\Public\UI\Widget">
      <UniqueIdentifier>{cc32714c-7f16-4523-b3a2-7afe32205e56}</UniqueIdentifier>
    </Filter>
    <Filter Include="Source\Editor\Public\UI\Widget\Component">
      <UniqueIdentifier>{2b56e6c3-8a42-4c0f-a9d4-85ec35b1d55c}</UniqueIdentifier>
    </Filter>
    <Filter Include="Source\Editor\Public\UI\Window">
      <UniqueIdentifier>{4d7f1be2-2f31-43b6-a973-66501741a43f}</UniqueIdentifier>
    </Filter>
    <Filter Include="Source\Manager\Public">
      <UniqueIdentifier>{369c2b4b-825b-4ff0-a84b-22b5aa3f5f95}</UniqueIdentifier>
    </Filter>
    <Filter Include="Source\Renderer\Public">
      <UniqueIdentifier>{0639119d-bd4f-400c-90f4-b52b57ba5253}</UniqueIdentifier>
    </Filter>
    <Filter Include="Source\Renderer\Public\Optimization">
      <UniqueIdentifier>{9321f707-35ac-47b6-96c5-d4794338933d}</UniqueIdentifier>
    </Filter>
    <Filter Include="Source\Renderer\Public\RenderPass">
      <UniqueIdentifier>{53d32f5b-90a6-4511-8b22-3338e4b86bd5}</UniqueIdentifier>
    </Filter>
    <Filter Include="Source\Scene\Public">
      <UniqueIdentifier>{a213ff08-6b73-4c6a-b6e8-cace9fd3997e}</UniqueIdentifier>
    </Filter>
    <Filter Include="Source\Scene\Public\Actor">
      <UniqueIdentifier>{8bfa8404-b0dd-409d-b2e4-226474db6dd8}</UniqueIdentifier>
    </Filter>
    <Filter Include="Source\Scene\Public\Component">
      <UniqueIdentifier>{6e26699e-f714-4a12-ae44-0162d952f022}</UniqueIdentifier>
    </Filter>
    <Filter Include="Source\Scene\Public\Level">
      <UniqueIdentifier>{b2b9ea3b-5280-4632-aeea-33548ae29ba3}</UniqueIdentifier>
    </Filter>
    <Filter Include="Source\Physics">
      <UniqueIdentifier>{26938f0b-90c4-4c9d-8b7b-3bc13afac1f9}</UniqueIdentifier>
    </Filter>
    <Filter Include="Source\Physics\Private">
      <UniqueIdentifier>{a9ecaf8f-0dc1-465b-a0a3-c2060f04a1a0}</UniqueIdentifier>
    </Filter>
    <Filter Include="Source\Physics\Public">
      <UniqueIdentifier>{aec18d60-a22b-45a2-a9e0-6fc36ee4f0ab}</UniqueIdentifier>
    </Filter>
    <Filter Include="Source\ImGui">
      <UniqueIdentifier>{4072058c-3d79-43f3-8711-ecb6b7bed2e2}</UniqueIdentifier>
    </Filter>
  </ItemGroup>
  <ItemGroup>
    <ResourceCompile Include="Engine.rc" />
  </ItemGroup>
  <ItemGroup>
    <None Include="ClassDiagram.cd" />
  </ItemGroup>
</Project>